// !$*UTF8*$!
{
	archiveVersion = 1;
	classes = {
	};
	objectVersion = 46;
	objects = {

/* Begin PBXBuildFile section */
		FDC1CB5E1AA9830E002B5775 /* AppDelegate.swift in Sources */ = {isa = PBXBuildFile; fileRef = FDC1CB5D1AA9830E002B5775 /* AppDelegate.swift */; };
		FDC1CB601AA9830E002B5775 /* ViewController.swift in Sources */ = {isa = PBXBuildFile; fileRef = FDC1CB5F1AA9830E002B5775 /* ViewController.swift */; };
		FDC1CB631AA9830E002B5775 /* Main.storyboard in Resources */ = {isa = PBXBuildFile; fileRef = FDC1CB611AA9830E002B5775 /* Main.storyboard */; };
		FDC1CB651AA9830E002B5775 /* Images.xcassets in Resources */ = {isa = PBXBuildFile; fileRef = FDC1CB641AA9830E002B5775 /* Images.xcassets */; };
		FDC1CB681AA9830E002B5775 /* LaunchScreen.xib in Resources */ = {isa = PBXBuildFile; fileRef = FDC1CB661AA9830E002B5775 /* LaunchScreen.xib */; };
		FDC1CB741AA9830E002B5775 /* SegueTests.swift in Sources */ = {isa = PBXBuildFile; fileRef = FDC1CB731AA9830E002B5775 /* SegueTests.swift */; };
		FDC1CB7E1AA98932002B5775 /* ColorTwoViewController.swift in Sources */ = {isa = PBXBuildFile; fileRef = FDC1CB7D1AA98932002B5775 /* ColorTwoViewController.swift */; };
/* End PBXBuildFile section */

/* Begin PBXContainerItemProxy section */
		FDC1CB6E1AA9830E002B5775 /* PBXContainerItemProxy */ = {
			isa = PBXContainerItemProxy;
			containerPortal = FDC1CB501AA9830E002B5775 /* Project object */;
			proxyType = 1;
			remoteGlobalIDString = FDC1CB571AA9830E002B5775;
			remoteInfo = Segue;
		};
/* End PBXContainerItemProxy section */

/* Begin PBXFileReference section */
		FDC1CB581AA9830E002B5775 /* Segue.app */ = {isa = PBXFileReference; explicitFileType = wrapper.application; includeInIndex = 0; path = Segue.app; sourceTree = BUILT_PRODUCTS_DIR; };
		FDC1CB5C1AA9830E002B5775 /* Info.plist */ = {isa = PBXFileReference; lastKnownFileType = text.plist.xml; path = Info.plist; sourceTree = "<group>"; };
		FDC1CB5D1AA9830E002B5775 /* AppDelegate.swift */ = {isa = PBXFileReference; lastKnownFileType = sourcecode.swift; path = AppDelegate.swift; sourceTree = "<group>"; };
		FDC1CB5F1AA9830E002B5775 /* ViewController.swift */ = {isa = PBXFileReference; lastKnownFileType = sourcecode.swift; path = ViewController.swift; sourceTree = "<group>"; };
		FDC1CB621AA9830E002B5775 /* Base */ = {isa = PBXFileReference; lastKnownFileType = file.storyboard; name = Base; path = Base.lproj/Main.storyboard; sourceTree = "<group>"; };
		FDC1CB641AA9830E002B5775 /* Images.xcassets */ = {isa = PBXFileReference; lastKnownFileType = folder.assetcatalog; path = Images.xcassets; sourceTree = "<group>"; };
		FDC1CB671AA9830E002B5775 /* Base */ = {isa = PBXFileReference; lastKnownFileType = file.xib; name = Base; path = Base.lproj/LaunchScreen.xib; sourceTree = "<group>"; };
		FDC1CB6D1AA9830E002B5775 /* SegueTests.xctest */ = {isa = PBXFileReference; explicitFileType = wrapper.cfbundle; includeInIndex = 0; path = SegueTests.xctest; sourceTree = BUILT_PRODUCTS_DIR; };
		FDC1CB721AA9830E002B5775 /* Info.plist */ = {isa = PBXFileReference; lastKnownFileType = text.plist.xml; path = Info.plist; sourceTree = "<group>"; };
		FDC1CB731AA9830E002B5775 /* SegueTests.swift */ = {isa = PBXFileReference; lastKnownFileType = sourcecode.swift; path = SegueTests.swift; sourceTree = "<group>"; };
		FDC1CB7D1AA98932002B5775 /* ColorTwoViewController.swift */ = {isa = PBXFileReference; fileEncoding = 4; lastKnownFileType = sourcecode.swift; path = ColorTwoViewController.swift; sourceTree = "<group>"; };
/* End PBXFileReference section */

/* Begin PBXFrameworksBuildPhase section */
		FDC1CB551AA9830E002B5775 /* Frameworks */ = {
			isa = PBXFrameworksBuildPhase;
			buildActionMask = 2147483647;
			files = (
			);
			runOnlyForDeploymentPostprocessing = 0;
		};
		FDC1CB6A1AA9830E002B5775 /* Frameworks */ = {
			isa = PBXFrameworksBuildPhase;
			buildActionMask = 2147483647;
			files = (
			);
			runOnlyForDeploymentPostprocessing = 0;
		};
/* End PBXFrameworksBuildPhase section */

/* Begin PBXGroup section */
		FDC1CB4F1AA9830E002B5775 = {
			isa = PBXGroup;
			children = (
				FDC1CB5A1AA9830E002B5775 /* Segue */,
				FDC1CB701AA9830E002B5775 /* SegueTests */,
				FDC1CB591AA9830E002B5775 /* Products */,
			);
			sourceTree = "<group>";
		};
		FDC1CB591AA9830E002B5775 /* Products */ = {
			isa = PBXGroup;
			children = (
				FDC1CB581AA9830E002B5775 /* Segue.app */,
				FDC1CB6D1AA9830E002B5775 /* SegueTests.xctest */,
			);
			name = Products;
			sourceTree = "<group>";
		};
		FDC1CB5A1AA9830E002B5775 /* Segue */ = {
			isa = PBXGroup;
			children = (
				FDC1CB5D1AA9830E002B5775 /* AppDelegate.swift */,
				FDC1CB5F1AA9830E002B5775 /* ViewController.swift */,
				FDC1CB611AA9830E002B5775 /* Main.storyboard */,
				FDC1CB7D1AA98932002B5775 /* ColorTwoViewController.swift */,
				FDC1CB641AA9830E002B5775 /* Images.xcassets */,
				FDC1CB661AA9830E002B5775 /* LaunchScreen.xib */,
				FDC1CB5B1AA9830E002B5775 /* Supporting Files */,
			);
			path = Segue;
			sourceTree = "<group>";
		};
		FDC1CB5B1AA9830E002B5775 /* Supporting Files */ = {
			isa = PBXGroup;
			children = (
				FDC1CB5C1AA9830E002B5775 /* Info.plist */,
			);
			name = "Supporting Files";
			sourceTree = "<group>";
		};
		FDC1CB701AA9830E002B5775 /* SegueTests */ = {
			isa = PBXGroup;
			children = (
				FDC1CB731AA9830E002B5775 /* SegueTests.swift */,
				FDC1CB711AA9830E002B5775 /* Supporting Files */,
			);
			path = SegueTests;
			sourceTree = "<group>";
		};
		FDC1CB711AA9830E002B5775 /* Supporting Files */ = {
			isa = PBXGroup;
			children = (
				FDC1CB721AA9830E002B5775 /* Info.plist */,
			);
			name = "Supporting Files";
			sourceTree = "<group>";
		};
/* End PBXGroup section */

/* Begin PBXNativeTarget section */
		FDC1CB571AA9830E002B5775 /* Segue */ = {
			isa = PBXNativeTarget;
			buildConfigurationList = FDC1CB771AA9830E002B5775 /* Build configuration list for PBXNativeTarget "Segue" */;
			buildPhases = (
				FDC1CB541AA9830E002B5775 /* Sources */,
				FDC1CB551AA9830E002B5775 /* Frameworks */,
				FDC1CB561AA9830E002B5775 /* Resources */,
			);
			buildRules = (
			);
			dependencies = (
			);
			name = Segue;
			productName = Segue;
			productReference = FDC1CB581AA9830E002B5775 /* Segue.app */;
			productType = "com.apple.product-type.application";
		};
		FDC1CB6C1AA9830E002B5775 /* SegueTests */ = {
			isa = PBXNativeTarget;
			buildConfigurationList = FDC1CB7A1AA9830E002B5775 /* Build configuration list for PBXNativeTarget "SegueTests" */;
			buildPhases = (
				FDC1CB691AA9830E002B5775 /* Sources */,
				FDC1CB6A1AA9830E002B5775 /* Frameworks */,
				FDC1CB6B1AA9830E002B5775 /* Resources */,
			);
			buildRules = (
			);
			dependencies = (
				FDC1CB6F1AA9830E002B5775 /* PBXTargetDependency */,
			);
			name = SegueTests;
			productName = SegueTests;
			productReference = FDC1CB6D1AA9830E002B5775 /* SegueTests.xctest */;
			productType = "com.apple.product-type.bundle.unit-test";
		};
/* End PBXNativeTarget section */

/* Begin PBXProject section */
		FDC1CB501AA9830E002B5775 /* Project object */ = {
			isa = PBXProject;
			attributes = {
				LastUpgradeCheck = 0600;
				ORGANIZATIONNAME = iStudents;
				TargetAttributes = {
					FDC1CB571AA9830E002B5775 = {
						CreatedOnToolsVersion = 6.0;
					};
					FDC1CB6C1AA9830E002B5775 = {
						CreatedOnToolsVersion = 6.0;
						TestTargetID = FDC1CB571AA9830E002B5775;
					};
				};
			};
			buildConfigurationList = FDC1CB531AA9830E002B5775 /* Build configuration list for PBXProject "Segue" */;
			compatibilityVersion = "Xcode 3.2";
			developmentRegion = English;
			hasScannedForEncodings = 0;
			knownRegions = (
				en,
				Base,
			);
			mainGroup = FDC1CB4F1AA9830E002B5775;
			productRefGroup = FDC1CB591AA9830E002B5775 /* Products */;
			projectDirPath = "";
			projectRoot = "";
			targets = (
				FDC1CB571AA9830E002B5775 /* Segue */,
				FDC1CB6C1AA9830E002B5775 /* SegueTests */,
			);
		};
/* End PBXProject section */

/* Begin PBXResourcesBuildPhase section */
		FDC1CB561AA9830E002B5775 /* Resources */ = {
			isa = PBXResourcesBuildPhase;
			buildActionMask = 2147483647;
			files = (
				FDC1CB631AA9830E002B5775 /* Main.storyboard in Resources */,
				FDC1CB681AA9830E002B5775 /* LaunchScreen.xib in Resources */,
				FDC1CB651AA9830E002B5775 /* Images.xcassets in Resources */,
			);
			runOnlyForDeploymentPostprocessing = 0;
		};
		FDC1CB6B1AA9830E002B5775 /* Resources */ = {
			isa = PBXResourcesBuildPhase;
			buildActionMask = 2147483647;
			files = (
			);
			runOnlyForDeploymentPostprocessing = 0;
		};
/* End PBXResourcesBuildPhase section */

/* Begin PBXSourcesBuildPhase section */
		FDC1CB541AA9830E002B5775 /* Sources */ = {
			isa = PBXSourcesBuildPhase;
			buildActionMask = 2147483647;
			files = (
				FDC1CB601AA9830E002B5775 /* ViewController.swift in Sources */,
				FDC1CB5E1AA9830E002B5775 /* AppDelegate.swift in Sources */,
				FDC1CB7E1AA98932002B5775 /* ColorTwoViewController.swift in Sources */,
			);
			runOnlyForDeploymentPostprocessing = 0;
		};
		FDC1CB691AA9830E002B5775 /* Sources */ = {
			isa = PBXSourcesBuildPhase;
			buildActionMask = 2147483647;
			files = (
				FDC1CB741AA9830E002B5775 /* SegueTests.swift in Sources */,
			);
			runOnlyForDeploymentPostprocessing = 0;
		};
/* End PBXSourcesBuildPhase section */

/* Begin PBXTargetDependency section */
		FDC1CB6F1AA9830E002B5775 /* PBXTargetDependency */ = {
			isa = PBXTargetDependency;
			target = FDC1CB571AA9830E002B5775 /* Segue */;
			targetProxy = FDC1CB6E1AA9830E002B5775 /* PBXContainerItemProxy */;
		};
/* End PBXTargetDependency section */

/* Begin PBXVariantGroup section */
		FDC1CB611AA9830E002B5775 /* Main.storyboard */ = {
			isa = PBXVariantGroup;
			children = (
				FDC1CB621AA9830E002B5775 /* Base */,
			);
			name = Main.storyboard;
			sourceTree = "<group>";
		};
		FDC1CB661AA9830E002B5775 /* LaunchScreen.xib */ = {
			isa = PBXVariantGroup;
			children = (
				FDC1CB671AA9830E002B5775 /* Base */,
			);
			name = LaunchScreen.xib;
			sourceTree = "<group>";
		};
/* End PBXVariantGroup section */

/* Begin XCBuildConfiguration section */
		FDC1CB751AA9830E002B5775 /* Debug */ = {
			isa = XCBuildConfiguration;
			buildSettings = {
				ALWAYS_SEARCH_USER_PATHS = NO;
				CLANG_CXX_LANGUAGE_STANDARD = "gnu++0x";
				CLANG_CXX_LIBRARY = "libc++";
				CLANG_ENABLE_MODULES = YES;
				CLANG_ENABLE_OBJC_ARC = YES;
				CLANG_WARN_BOOL_CONVERSION = YES;
				CLANG_WARN_CONSTANT_CONVERSION = YES;
				CLANG_WARN_DIRECT_OBJC_ISA_USAGE = YES_ERROR;
				CLANG_WARN_EMPTY_BODY = YES;
				CLANG_WARN_ENUM_CONVERSION = YES;
				CLANG_WARN_INT_CONVERSION = YES;
				CLANG_WARN_OBJC_ROOT_CLASS = YES_ERROR;
				CLANG_WARN_UNREACHABLE_CODE = YES;
				CLANG_WARN__DUPLICATE_METHOD_MATCH = YES;
				"CODE_SIGN_IDENTITY[sdk=iphoneos*]" = "iPhone Developer";
				COPY_PHASE_STRIP = NO;
				ENABLE_STRICT_OBJC_MSGSEND = YES;
				GCC_C_LANGUAGE_STANDARD = gnu99;
				GCC_DYNAMIC_NO_PIC = NO;
				GCC_OPTIMIZATION_LEVEL = 0;
				GCC_PREPROCESSOR_DEFINITIONS = (
					"DEBUG=1",
					"$(inherited)",
				);
				GCC_SYMBOLS_PRIVATE_EXTERN = NO;
				GCC_WARN_64_TO_32_BIT_CONVERSION = YES;
				GCC_WARN_ABOUT_RETURN_TYPE = YES_ERROR;
				GCC_WARN_UNDECLARED_SELECTOR = YES;
				GCC_WARN_UNINITIALIZED_AUTOS = YES_AGGRESSIVE;
				GCC_WARN_UNUSED_FUNCTION = YES;
				GCC_WARN_UNUSED_VARIABLE = YES;
				IPHONEOS_DEPLOYMENT_TARGET = 8.0;
				MTL_ENABLE_DEBUG_INFO = YES;
				ONLY_ACTIVE_ARCH = YES;
				SDKROOT = iphoneos;
				SWIFT_OPTIMIZATION_LEVEL = "-Onone";
			};
			name = Debug;
		};
		FDC1CB761AA9830E002B5775 /* Release */ = {
			isa = XCBuildConfiguration;
			buildSettings = {
				ALWAYS_SEARCH_USER_PATHS = NO;
				CLANG_CXX_LANGUAGE_STANDARD = "gnu++0x";
				CLANG_CXX_LIBRARY = "libc++";
				CLANG_ENABLE_MODULES = YES;
				CLANG_ENABLE_OBJC_ARC = YES;
				CLANG_WARN_BOOL_CONVERSION = YES;
				CLANG_WARN_CONSTANT_CONVERSION = YES;
				CLANG_WARN_DIRECT_OBJC_ISA_USAGE = YES_ERROR;
				CLANG_WARN_EMPTY_BODY = YES;
				CLANG_WARN_ENUM_CONVERSION = YES;
				CLANG_WARN_INT_CONVERSION = YES;
				CLANG_WARN_OBJC_ROOT_CLASS = YES_ERROR;
				CLANG_WARN_UNREACHABLE_CODE = YES;
				CLANG_WARN__DUPLICATE_METHOD_MATCH = YES;
				"CODE_SIGN_IDENTITY[sdk=iphoneos*]" = "iPhone Developer";
				COPY_PHASE_STRIP = YES;
				ENABLE_NS_ASSERTIONS = NO;
				ENABLE_STRICT_OBJC_MSGSEND = YES;
				GCC_C_LANGUAGE_STANDARD = gnu99;
				GCC_WARN_64_TO_32_BIT_CONVERSION = YES;
				GCC_WARN_ABOUT_RETURN_TYPE = YES_ERROR;
				GCC_WARN_UNDECLARED_SELECTOR = YES;
				GCC_WARN_UNINITIALIZED_AUTOS = YES_AGGRESSIVE;
				GCC_WARN_UNUSED_FUNCTION = YES;
				GCC_WARN_UNUSED_VARIABLE = YES;
				IPHONEOS_DEPLOYMENT_TARGET = 8.0;
				MTL_ENABLE_DEBUG_INFO = NO;
				SDKROOT = iphoneos;
				VALIDATE_PRODUCT = YES;
			};
			name = Release;
		};
		FDC1CB781AA9830E002B5775 /* Debug */ = {
			isa = XCBuildConfiguration;
			buildSettings = {
				ASSETCATALOG_COMPILER_APPICON_NAME = AppIcon;
				INFOPLIST_FILE = Segue/Info.plist;
				LD_RUNPATH_SEARCH_PATHS = "$(inherited) @executable_path/Frameworks";
				PRODUCT_NAME = "$(TARGET_NAME)";
			};
			name = Debug;
		};
		FDC1CB791AA9830E002B5775 /* Release */ = {
			isa = XCBuildConfiguration;
			buildSettings = {
				ASSETCATALOG_COMPILER_APPICON_NAME = AppIcon;
				INFOPLIST_FILE = Segue/Info.plist;
				LD_RUNPATH_SEARCH_PATHS = "$(inherited) @executable_path/Frameworks";
				PRODUCT_NAME = "$(TARGET_NAME)";
			};
			name = Release;
		};
		FDC1CB7B1AA9830E002B5775 /* Debug */ = {
			isa = XCBuildConfiguration;
			buildSettings = {
				BUNDLE_LOADER = "$(TEST_HOST)";
				FRAMEWORK_SEARCH_PATHS = (
					"$(SDKROOT)/Developer/Library/Frameworks",
					"$(inherited)",
				);
				GCC_PREPROCESSOR_DEFINITIONS = (
					"DEBUG=1",
					"$(inherited)",
				);
				INFOPLIST_FILE = SegueTests/Info.plist;
				LD_RUNPATH_SEARCH_PATHS = "$(inherited) @executable_path/Frameworks @loader_path/Frameworks";
				PRODUCT_NAME = "$(TARGET_NAME)";
				TEST_HOST = "$(BUILT_PRODUCTS_DIR)/Segue.app/Segue";
			};
			name = Debug;
		};
		FDC1CB7C1AA9830E002B5775 /* Release */ = {
			isa = XCBuildConfiguration;
			buildSettings = {
				BUNDLE_LOADER = "$(TEST_HOST)";
				FRAMEWORK_SEARCH_PATHS = (
					"$(SDKROOT)/Developer/Library/Frameworks",
					"$(inherited)",
				);
				INFOPLIST_FILE = SegueTests/Info.plist;
				LD_RUNPATH_SEARCH_PATHS = "$(inherited) @executable_path/Frameworks @loader_path/Frameworks";
				PRODUCT_NAME = "$(TARGET_NAME)";
				TEST_HOST = "$(BUILT_PRODUCTS_DIR)/Segue.app/Segue";
			};
			name = Release;
		};
/* End XCBuildConfiguration section */

/* Begin XCConfigurationList section */
		FDC1CB531AA9830E002B5775 /* Build configuration list for PBXProject "Segue" */ = {
			isa = XCConfigurationList;
			buildConfigurations = (
				FDC1CB751AA9830E002B5775 /* Debug */,
				FDC1CB761AA9830E002B5775 /* Release */,
			);
			defaultConfigurationIsVisible = 0;
			defaultConfigurationName = Release;
		};
		FDC1CB771AA9830E002B5775 /* Build configuration list for PBXNativeTarget "Segue" */ = {
			isa = XCConfigurationList;
			buildConfigurations = (
				FDC1CB781AA9830E002B5775 /* Debug */,
				FDC1CB791AA9830E002B5775 /* Release */,
			);
			defaultConfigurationIsVisible = 0;
			defaultConfigurationName = Release;
		};
		FDC1CB7A1AA9830E002B5775 /* Build configuration list for PBXNativeTarget "SegueTests" */ = {
			isa = XCConfigurationList;
			buildConfigurations = (
				FDC1CB7B1AA9830E002B5775 /* Debug */,
				FDC1CB7C1AA9830E002B5775 /* Release */,
			);
			defaultConfigurationIsVisible = 0;
			defaultConfigurationName = Release;
		};
/* End XCConfigurationList section */
	};
	rootObject = FDC1CB501AA9830E002B5775 /* Project object */;
}
