// !$*UTF8*$!
{
	archiveVersion = 1;
	classes = {
	};
	objectVersion = 46;
	objects = {

/* Begin PBXBuildFile section */
		FDCDD2211A8E01610010CFA5 /* AppDelegate.swift in Sources */ = {isa = PBXBuildFile; fileRef = FDCDD2201A8E01610010CFA5 /* AppDelegate.swift */; };
		FDCDD2231A8E01610010CFA5 /* ViewController.swift in Sources */ = {isa = PBXBuildFile; fileRef = FDCDD2221A8E01610010CFA5 /* ViewController.swift */; };
		FDCDD2261A8E01610010CFA5 /* Main.storyboard in Resources */ = {isa = PBXBuildFile; fileRef = FDCDD2241A8E01610010CFA5 /* Main.storyboard */; };
		FDCDD2281A8E01610010CFA5 /* Images.xcassets in Resources */ = {isa = PBXBuildFile; fileRef = FDCDD2271A8E01610010CFA5 /* Images.xcassets */; };
		FDCDD22B1A8E01610010CFA5 /* LaunchScreen.xib in Resources */ = {isa = PBXBuildFile; fileRef = FDCDD2291A8E01610010CFA5 /* LaunchScreen.xib */; };
		FDCDD2371A8E01610010CFA5 /* tipCalculator2Tests.swift in Sources */ = {isa = PBXBuildFile; fileRef = FDCDD2361A8E01610010CFA5 /* tipCalculator2Tests.swift */; };
/* End PBXBuildFile section */

/* Begin PBXContainerItemProxy section */
		FDCDD2311A8E01610010CFA5 /* PBXContainerItemProxy */ = {
			isa = PBXContainerItemProxy;
			containerPortal = FDCDD2131A8E01610010CFA5 /* Project object */;
			proxyType = 1;
			remoteGlobalIDString = FDCDD21A1A8E01610010CFA5;
			remoteInfo = tipCalculator2;
		};
/* End PBXContainerItemProxy section */

/* Begin PBXFileReference section */
		FDCDD21B1A8E01610010CFA5 /* tipCalculator2.app */ = {isa = PBXFileReference; explicitFileType = wrapper.application; includeInIndex = 0; path = tipCalculator2.app; sourceTree = BUILT_PRODUCTS_DIR; };
		FDCDD21F1A8E01610010CFA5 /* Info.plist */ = {isa = PBXFileReference; lastKnownFileType = text.plist.xml; path = Info.plist; sourceTree = "<group>"; };
		FDCDD2201A8E01610010CFA5 /* AppDelegate.swift */ = {isa = PBXFileReference; lastKnownFileType = sourcecode.swift; path = AppDelegate.swift; sourceTree = "<group>"; };
		FDCDD2221A8E01610010CFA5 /* ViewController.swift */ = {isa = PBXFileReference; lastKnownFileType = sourcecode.swift; path = ViewController.swift; sourceTree = "<group>"; };
		FDCDD2251A8E01610010CFA5 /* Base */ = {isa = PBXFileReference; lastKnownFileType = file.storyboard; name = Base; path = Base.lproj/Main.storyboard; sourceTree = "<group>"; };
		FDCDD2271A8E01610010CFA5 /* Images.xcassets */ = {isa = PBXFileReference; lastKnownFileType = folder.assetcatalog; path = Images.xcassets; sourceTree = "<group>"; };
		FDCDD22A1A8E01610010CFA5 /* Base */ = {isa = PBXFileReference; lastKnownFileType = file.xib; name = Base; path = Base.lproj/LaunchScreen.xib; sourceTree = "<group>"; };
		FDCDD2301A8E01610010CFA5 /* tipCalculator2Tests.xctest */ = {isa = PBXFileReference; explicitFileType = wrapper.cfbundle; includeInIndex = 0; path = tipCalculator2Tests.xctest; sourceTree = BUILT_PRODUCTS_DIR; };
		FDCDD2351A8E01610010CFA5 /* Info.plist */ = {isa = PBXFileReference; lastKnownFileType = text.plist.xml; path = Info.plist; sourceTree = "<group>"; };
		FDCDD2361A8E01610010CFA5 /* tipCalculator2Tests.swift */ = {isa = PBXFileReference; lastKnownFileType = sourcecode.swift; path = tipCalculator2Tests.swift; sourceTree = "<group>"; };
/* End PBXFileReference section */

/* Begin PBXFrameworksBuildPhase section */
		FDCDD2181A8E01610010CFA5 /* Frameworks */ = {
			isa = PBXFrameworksBuildPhase;
			buildActionMask = 2147483647;
			files = (
			);
			runOnlyForDeploymentPostprocessing = 0;
		};
		FDCDD22D1A8E01610010CFA5 /* Frameworks */ = {
			isa = PBXFrameworksBuildPhase;
			buildActionMask = 2147483647;
			files = (
			);
			runOnlyForDeploymentPostprocessing = 0;
		};
/* End PBXFrameworksBuildPhase section */

/* Begin PBXGroup section */
		FDCDD2121A8E01610010CFA5 = {
			isa = PBXGroup;
			children = (
				FDCDD21D1A8E01610010CFA5 /* tipCalculator2 */,
				FDCDD2331A8E01610010CFA5 /* tipCalculator2Tests */,
				FDCDD21C1A8E01610010CFA5 /* Products */,
			);
			sourceTree = "<group>";
		};
		FDCDD21C1A8E01610010CFA5 /* Products */ = {
			isa = PBXGroup;
			children = (
				FDCDD21B1A8E01610010CFA5 /* tipCalculator2.app */,
				FDCDD2301A8E01610010CFA5 /* tipCalculator2Tests.xctest */,
			);
			name = Products;
			sourceTree = "<group>";
		};
		FDCDD21D1A8E01610010CFA5 /* tipCalculator2 */ = {
			isa = PBXGroup;
			children = (
				FDCDD2201A8E01610010CFA5 /* AppDelegate.swift */,
				FDCDD2221A8E01610010CFA5 /* ViewController.swift */,
				FDCDD2241A8E01610010CFA5 /* Main.storyboard */,
				FDCDD2271A8E01610010CFA5 /* Images.xcassets */,
				FDCDD2291A8E01610010CFA5 /* LaunchScreen.xib */,
				FDCDD21E1A8E01610010CFA5 /* Supporting Files */,
			);
			path = tipCalculator2;
			sourceTree = "<group>";
		};
		FDCDD21E1A8E01610010CFA5 /* Supporting Files */ = {
			isa = PBXGroup;
			children = (
				FDCDD21F1A8E01610010CFA5 /* Info.plist */,
			);
			name = "Supporting Files";
			sourceTree = "<group>";
		};
		FDCDD2331A8E01610010CFA5 /* tipCalculator2Tests */ = {
			isa = PBXGroup;
			children = (
				FDCDD2361A8E01610010CFA5 /* tipCalculator2Tests.swift */,
				FDCDD2341A8E01610010CFA5 /* Supporting Files */,
			);
			path = tipCalculator2Tests;
			sourceTree = "<group>";
		};
		FDCDD2341A8E01610010CFA5 /* Supporting Files */ = {
			isa = PBXGroup;
			children = (
				FDCDD2351A8E01610010CFA5 /* Info.plist */,
			);
			name = "Supporting Files";
			sourceTree = "<group>";
		};
/* End PBXGroup section */

/* Begin PBXNativeTarget section */
		FDCDD21A1A8E01610010CFA5 /* tipCalculator2 */ = {
			isa = PBXNativeTarget;
			buildConfigurationList = FDCDD23A1A8E01610010CFA5 /* Build configuration list for PBXNativeTarget "tipCalculator2" */;
			buildPhases = (
				FDCDD2171A8E01610010CFA5 /* Sources */,
				FDCDD2181A8E01610010CFA5 /* Frameworks */,
				FDCDD2191A8E01610010CFA5 /* Resources */,
			);
			buildRules = (
			);
			dependencies = (
			);
			name = tipCalculator2;
			productName = tipCalculator2;
			productReference = FDCDD21B1A8E01610010CFA5 /* tipCalculator2.app */;
			productType = "com.apple.product-type.application";
		};
		FDCDD22F1A8E01610010CFA5 /* tipCalculator2Tests */ = {
			isa = PBXNativeTarget;
			buildConfigurationList = FDCDD23D1A8E01610010CFA5 /* Build configuration list for PBXNativeTarget "tipCalculator2Tests" */;
			buildPhases = (
				FDCDD22C1A8E01610010CFA5 /* Sources */,
				FDCDD22D1A8E01610010CFA5 /* Frameworks */,
				FDCDD22E1A8E01610010CFA5 /* Resources */,
			);
			buildRules = (
			);
			dependencies = (
				FDCDD2321A8E01610010CFA5 /* PBXTargetDependency */,
			);
			name = tipCalculator2Tests;
			productName = tipCalculator2Tests;
			productReference = FDCDD2301A8E01610010CFA5 /* tipCalculator2Tests.xctest */;
			productType = "com.apple.product-type.bundle.unit-test";
		};
/* End PBXNativeTarget section */

/* Begin PBXProject section */
		FDCDD2131A8E01610010CFA5 /* Project object */ = {
			isa = PBXProject;
			attributes = {
				LastUpgradeCheck = 0600;
				ORGANIZATIONNAME = iStudents;
				TargetAttributes = {
					FDCDD21A1A8E01610010CFA5 = {
						CreatedOnToolsVersion = 6.0;
					};
					FDCDD22F1A8E01610010CFA5 = {
						CreatedOnToolsVersion = 6.0;
						TestTargetID = FDCDD21A1A8E01610010CFA5;
					};
				};
			};
			buildConfigurationList = FDCDD2161A8E01610010CFA5 /* Build configuration list for PBXProject "tipCalculator2" */;
			compatibilityVersion = "Xcode 3.2";
			developmentRegion = English;
			hasScannedForEncodings = 0;
			knownRegions = (
				en,
				Base,
			);
			mainGroup = FDCDD2121A8E01610010CFA5;
			productRefGroup = FDCDD21C1A8E01610010CFA5 /* Products */;
			projectDirPath = "";
			projectRoot = "";
			targets = (
				FDCDD21A1A8E01610010CFA5 /* tipCalculator2 */,
				FDCDD22F1A8E01610010CFA5 /* tipCalculator2Tests */,
			);
		};
/* End PBXProject section */

/* Begin PBXResourcesBuildPhase section */
		FDCDD2191A8E01610010CFA5 /* Resources */ = {
			isa = PBXResourcesBuildPhase;
			buildActionMask = 2147483647;
			files = (
				FDCDD2261A8E01610010CFA5 /* Main.storyboard in Resources */,
				FDCDD22B1A8E01610010CFA5 /* LaunchScreen.xib in Resources */,
				FDCDD2281A8E01610010CFA5 /* Images.xcassets in Resources */,
			);
			runOnlyForDeploymentPostprocessing = 0;
		};
		FDCDD22E1A8E01610010CFA5 /* Resources */ = {
			isa = PBXResourcesBuildPhase;
			buildActionMask = 2147483647;
			files = (
			);
			runOnlyForDeploymentPostprocessing = 0;
		};
/* End PBXResourcesBuildPhase section */

/* Begin PBXSourcesBuildPhase section */
		FDCDD2171A8E01610010CFA5 /* Sources */ = {
			isa = PBXSourcesBuildPhase;
			buildActionMask = 2147483647;
			files = (
				FDCDD2231A8E01610010CFA5 /* ViewController.swift in Sources */,
				FDCDD2211A8E01610010CFA5 /* AppDelegate.swift in Sources */,
			);
			runOnlyForDeploymentPostprocessing = 0;
		};
		FDCDD22C1A8E01610010CFA5 /* Sources */ = {
			isa = PBXSourcesBuildPhase;
			buildActionMask = 2147483647;
			files = (
				FDCDD2371A8E01610010CFA5 /* tipCalculator2Tests.swift in Sources */,
			);
			runOnlyForDeploymentPostprocessing = 0;
		};
/* End PBXSourcesBuildPhase section */

/* Begin PBXTargetDependency section */
		FDCDD2321A8E01610010CFA5 /* PBXTargetDependency */ = {
			isa = PBXTargetDependency;
			target = FDCDD21A1A8E01610010CFA5 /* tipCalculator2 */;
			targetProxy = FDCDD2311A8E01610010CFA5 /* PBXContainerItemProxy */;
		};
/* End PBXTargetDependency section */

/* Begin PBXVariantGroup section */
		FDCDD2241A8E01610010CFA5 /* Main.storyboard */ = {
			isa = PBXVariantGroup;
			children = (
				FDCDD2251A8E01610010CFA5 /* Base */,
			);
			name = Main.storyboard;
			sourceTree = "<group>";
		};
		FDCDD2291A8E01610010CFA5 /* LaunchScreen.xib */ = {
			isa = PBXVariantGroup;
			children = (
				FDCDD22A1A8E01610010CFA5 /* Base */,
			);
			name = LaunchScreen.xib;
			sourceTree = "<group>";
		};
/* End PBXVariantGroup section */

/* Begin XCBuildConfiguration section */
		FDCDD2381A8E01610010CFA5 /* Debug */ = {
			isa = XCBuildConfiguration;
			buildSettings = {
				ALWAYS_SEARCH_USER_PATHS = NO;
				CLANG_CXX_LANGUAGE_STANDARD = "gnu++0x";
				CLANG_CXX_LIBRARY = "libc++";
				CLANG_ENABLE_MODULES = YES;
				CLANG_ENABLE_OBJC_ARC = YES;
				CLANG_WARN_BOOL_CONVERSION = YES;
				CLANG_WARN_CONSTANT_CONVERSION = YES;
				CLANG_WARN_DIRECT_OBJC_ISA_USAGE = YES_ERROR;
				CLANG_WARN_EMPTY_BODY = YES;
				CLANG_WARN_ENUM_CONVERSION = YES;
				CLANG_WARN_INT_CONVERSION = YES;
				CLANG_WARN_OBJC_ROOT_CLASS = YES_ERROR;
				CLANG_WARN_UNREACHABLE_CODE = YES;
				CLANG_WARN__DUPLICATE_METHOD_MATCH = YES;
				"CODE_SIGN_IDENTITY[sdk=iphoneos*]" = "iPhone Developer";
				COPY_PHASE_STRIP = NO;
				ENABLE_STRICT_OBJC_MSGSEND = YES;
				GCC_C_LANGUAGE_STANDARD = gnu99;
				GCC_DYNAMIC_NO_PIC = NO;
				GCC_OPTIMIZATION_LEVEL = 0;
				GCC_PREPROCESSOR_DEFINITIONS = (
					"DEBUG=1",
					"$(inherited)",
				);
				GCC_SYMBOLS_PRIVATE_EXTERN = NO;
				GCC_WARN_64_TO_32_BIT_CONVERSION = YES;
				GCC_WARN_ABOUT_RETURN_TYPE = YES_ERROR;
				GCC_WARN_UNDECLARED_SELECTOR = YES;
				GCC_WARN_UNINITIALIZED_AUTOS = YES_AGGRESSIVE;
				GCC_WARN_UNUSED_FUNCTION = YES;
				GCC_WARN_UNUSED_VARIABLE = YES;
				IPHONEOS_DEPLOYMENT_TARGET = 8.0;
				MTL_ENABLE_DEBUG_INFO = YES;
				ONLY_ACTIVE_ARCH = YES;
				SDKROOT = iphoneos;
				SWIFT_OPTIMIZATION_LEVEL = "-Onone";
			};
			name = Debug;
		};
		FDCDD2391A8E01610010CFA5 /* Release */ = {
			isa = XCBuildConfiguration;
			buildSettings = {
				ALWAYS_SEARCH_USER_PATHS = NO;
				CLANG_CXX_LANGUAGE_STANDARD = "gnu++0x";
				CLANG_CXX_LIBRARY = "libc++";
				CLANG_ENABLE_MODULES = YES;
				CLANG_ENABLE_OBJC_ARC = YES;
				CLANG_WARN_BOOL_CONVERSION = YES;
				CLANG_WARN_CONSTANT_CONVERSION = YES;
				CLANG_WARN_DIRECT_OBJC_ISA_USAGE = YES_ERROR;
				CLANG_WARN_EMPTY_BODY = YES;
				CLANG_WARN_ENUM_CONVERSION = YES;
				CLANG_WARN_INT_CONVERSION = YES;
				CLANG_WARN_OBJC_ROOT_CLASS = YES_ERROR;
				CLANG_WARN_UNREACHABLE_CODE = YES;
				CLANG_WARN__DUPLICATE_METHOD_MATCH = YES;
				"CODE_SIGN_IDENTITY[sdk=iphoneos*]" = "iPhone Developer";
				COPY_PHASE_STRIP = YES;
				ENABLE_NS_ASSERTIONS = NO;
				ENABLE_STRICT_OBJC_MSGSEND = YES;
				GCC_C_LANGUAGE_STANDARD = gnu99;
				GCC_WARN_64_TO_32_BIT_CONVERSION = YES;
				GCC_WARN_ABOUT_RETURN_TYPE = YES_ERROR;
				GCC_WARN_UNDECLARED_SELECTOR = YES;
				GCC_WARN_UNINITIALIZED_AUTOS = YES_AGGRESSIVE;
				GCC_WARN_UNUSED_FUNCTION = YES;
				GCC_WARN_UNUSED_VARIABLE = YES;
				IPHONEOS_DEPLOYMENT_TARGET = 8.0;
				MTL_ENABLE_DEBUG_INFO = NO;
				SDKROOT = iphoneos;
				VALIDATE_PRODUCT = YES;
			};
			name = Release;
		};
		FDCDD23B1A8E01610010CFA5 /* Debug */ = {
			isa = XCBuildConfiguration;
			buildSettings = {
				ASSETCATALOG_COMPILER_APPICON_NAME = AppIcon;
				INFOPLIST_FILE = tipCalculator2/Info.plist;
				LD_RUNPATH_SEARCH_PATHS = "$(inherited) @executable_path/Frameworks";
				PRODUCT_NAME = "$(TARGET_NAME)";
			};
			name = Debug;
		};
		FDCDD23C1A8E01610010CFA5 /* Release */ = {
			isa = XCBuildConfiguration;
			buildSettings = {
				ASSETCATALOG_COMPILER_APPICON_NAME = AppIcon;
				INFOPLIST_FILE = tipCalculator2/Info.plist;
				LD_RUNPATH_SEARCH_PATHS = "$(inherited) @executable_path/Frameworks";
				PRODUCT_NAME = "$(TARGET_NAME)";
			};
			name = Release;
		};
		FDCDD23E1A8E01610010CFA5 /* Debug */ = {
			isa = XCBuildConfiguration;
			buildSettings = {
				BUNDLE_LOADER = "$(TEST_HOST)";
				FRAMEWORK_SEARCH_PATHS = (
					"$(SDKROOT)/Developer/Library/Frameworks",
					"$(inherited)",
				);
				GCC_PREPROCESSOR_DEFINITIONS = (
					"DEBUG=1",
					"$(inherited)",
				);
				INFOPLIST_FILE = tipCalculator2Tests/Info.plist;
				LD_RUNPATH_SEARCH_PATHS = "$(inherited) @executable_path/Frameworks @loader_path/Frameworks";
				PRODUCT_NAME = "$(TARGET_NAME)";
				TEST_HOST = "$(BUILT_PRODUCTS_DIR)/tipCalculator2.app/tipCalculator2";
			};
			name = Debug;
		};
		FDCDD23F1A8E01610010CFA5 /* Release */ = {
			isa = XCBuildConfiguration;
			buildSettings = {
				BUNDLE_LOADER = "$(TEST_HOST)";
				FRAMEWORK_SEARCH_PATHS = (
					"$(SDKROOT)/Developer/Library/Frameworks",
					"$(inherited)",
				);
				INFOPLIST_FILE = tipCalculator2Tests/Info.plist;
				LD_RUNPATH_SEARCH_PATHS = "$(inherited) @executable_path/Frameworks @loader_path/Frameworks";
				PRODUCT_NAME = "$(TARGET_NAME)";
				TEST_HOST = "$(BUILT_PRODUCTS_DIR)/tipCalculator2.app/tipCalculator2";
			};
			name = Release;
		};
/* End XCBuildConfiguration section */

/* Begin XCConfigurationList section */
		FDCDD2161A8E01610010CFA5 /* Build configuration list for PBXProject "tipCalculator2" */ = {
			isa = XCConfigurationList;
			buildConfigurations = (
				FDCDD2381A8E01610010CFA5 /* Debug */,
				FDCDD2391A8E01610010CFA5 /* Release */,
			);
			defaultConfigurationIsVisible = 0;
			defaultConfigurationName = Release;
		};
		FDCDD23A1A8E01610010CFA5 /* Build configuration list for PBXNativeTarget "tipCalculator2" */ = {
			isa = XCConfigurationList;
			buildConfigurations = (
				FDCDD23B1A8E01610010CFA5 /* Debug */,
				FDCDD23C1A8E01610010CFA5 /* Release */,
			);
			defaultConfigurationIsVisible = 0;
		};
		FDCDD23D1A8E01610010CFA5 /* Build configuration list for PBXNativeTarget "tipCalculator2Tests" */ = {
			isa = XCConfigurationList;
			buildConfigurations = (
				FDCDD23E1A8E01610010CFA5 /* Debug */,
				FDCDD23F1A8E01610010CFA5 /* Release */,
			);
			defaultConfigurationIsVisible = 0;
		};
/* End XCConfigurationList section */
	};
	rootObject = FDCDD2131A8E01610010CFA5 /* Project object */;
}
