// !$*UTF8*$!
{
	archiveVersion = 1;
	classes = {
	};
	objectVersion = 46;
	objects = {

/* Begin PBXBuildFile section */
		FD4ADF461AA982CB009F3F17 /* AppDelegate.swift in Sources */ = {isa = PBXBuildFile; fileRef = FD4ADF451AA982CB009F3F17 /* AppDelegate.swift */; };
		FD4ADF4B1AA982CB009F3F17 /* Main.storyboard in Resources */ = {isa = PBXBuildFile; fileRef = FD4ADF491AA982CB009F3F17 /* Main.storyboard */; };
		FD4ADF4D1AA982CB009F3F17 /* Images.xcassets in Resources */ = {isa = PBXBuildFile; fileRef = FD4ADF4C1AA982CB009F3F17 /* Images.xcassets */; };
		FD4ADF501AA982CB009F3F17 /* LaunchScreen.xib in Resources */ = {isa = PBXBuildFile; fileRef = FD4ADF4E1AA982CB009F3F17 /* LaunchScreen.xib */; };
		FD4ADF5C1AA982CB009F3F17 /* customTableViewTests.swift in Sources */ = {isa = PBXBuildFile; fileRef = FD4ADF5B1AA982CB009F3F17 /* customTableViewTests.swift */; };
		FD4ADF661AA9852C009F3F17 /* tableTableViewController.swift in Sources */ = {isa = PBXBuildFile; fileRef = FD4ADF651AA9852C009F3F17 /* tableTableViewController.swift */; };
		FD4ADF681AA9857A009F3F17 /* TableViewCell.swift in Sources */ = {isa = PBXBuildFile; fileRef = FD4ADF671AA9857A009F3F17 /* TableViewCell.swift */; };
		FD4ADF6A1AA98E43009F3F17 /* data.swift in Sources */ = {isa = PBXBuildFile; fileRef = FD4ADF691AA98E43009F3F17 /* data.swift */; };
		FD4ADF781AA99045009F3F17 /* balloon.swift in Sources */ = {isa = PBXBuildFile; fileRef = FD4ADF771AA99045009F3F17 /* balloon.swift */; };
		FD4ADF791AA99045009F3F17 /* balloon.swift in Sources */ = {isa = PBXBuildFile; fileRef = FD4ADF771AA99045009F3F17 /* balloon.swift */; };
/* End PBXBuildFile section */

/* Begin PBXContainerItemProxy section */
		FD4ADF561AA982CB009F3F17 /* PBXContainerItemProxy */ = {
			isa = PBXContainerItemProxy;
			containerPortal = FD4ADF381AA982CB009F3F17 /* Project object */;
			proxyType = 1;
			remoteGlobalIDString = FD4ADF3F1AA982CB009F3F17;
			remoteInfo = customTableView;
		};
/* End PBXContainerItemProxy section */

/* Begin PBXFileReference section */
		FD4ADF401AA982CB009F3F17 /* customTableView.app */ = {isa = PBXFileReference; explicitFileType = wrapper.application; includeInIndex = 0; path = customTableView.app; sourceTree = BUILT_PRODUCTS_DIR; };
		FD4ADF441AA982CB009F3F17 /* Info.plist */ = {isa = PBXFileReference; lastKnownFileType = text.plist.xml; path = Info.plist; sourceTree = "<group>"; };
		FD4ADF451AA982CB009F3F17 /* AppDelegate.swift */ = {isa = PBXFileReference; lastKnownFileType = sourcecode.swift; path = AppDelegate.swift; sourceTree = "<group>"; };
		FD4ADF4A1AA982CB009F3F17 /* Base */ = {isa = PBXFileReference; lastKnownFileType = file.storyboard; name = Base; path = Base.lproj/Main.storyboard; sourceTree = "<group>"; };
		FD4ADF4C1AA982CB009F3F17 /* Images.xcassets */ = {isa = PBXFileReference; lastKnownFileType = folder.assetcatalog; path = Images.xcassets; sourceTree = "<group>"; };
		FD4ADF4F1AA982CB009F3F17 /* Base */ = {isa = PBXFileReference; lastKnownFileType = file.xib; name = Base; path = Base.lproj/LaunchScreen.xib; sourceTree = "<group>"; };
		FD4ADF551AA982CB009F3F17 /* customTableViewTests.xctest */ = {isa = PBXFileReference; explicitFileType = wrapper.cfbundle; includeInIndex = 0; path = customTableViewTests.xctest; sourceTree = BUILT_PRODUCTS_DIR; };
		FD4ADF5A1AA982CB009F3F17 /* Info.plist */ = {isa = PBXFileReference; lastKnownFileType = text.plist.xml; path = Info.plist; sourceTree = "<group>"; };
		FD4ADF5B1AA982CB009F3F17 /* customTableViewTests.swift */ = {isa = PBXFileReference; lastKnownFileType = sourcecode.swift; path = customTableViewTests.swift; sourceTree = "<group>"; };
		FD4ADF651AA9852C009F3F17 /* tableTableViewController.swift */ = {isa = PBXFileReference; fileEncoding = 4; lastKnownFileType = sourcecode.swift; path = tableTableViewController.swift; sourceTree = "<group>"; };
		FD4ADF671AA9857A009F3F17 /* TableViewCell.swift */ = {isa = PBXFileReference; fileEncoding = 4; lastKnownFileType = sourcecode.swift; path = TableViewCell.swift; sourceTree = "<group>"; };
		FD4ADF691AA98E43009F3F17 /* data.swift */ = {isa = PBXFileReference; fileEncoding = 4; lastKnownFileType = sourcecode.swift; path = data.swift; sourceTree = "<group>"; };
		FD4ADF771AA99045009F3F17 /* balloon.swift */ = {isa = PBXFileReference; fileEncoding = 4; lastKnownFileType = sourcecode.swift; path = balloon.swift; sourceTree = "<group>"; };
/* End PBXFileReference section */

/* Begin PBXFrameworksBuildPhase section */
		FD4ADF3D1AA982CB009F3F17 /* Frameworks */ = {
			isa = PBXFrameworksBuildPhase;
			buildActionMask = 2147483647;
			files = (
			);
			runOnlyForDeploymentPostprocessing = 0;
		};
		FD4ADF521AA982CB009F3F17 /* Frameworks */ = {
			isa = PBXFrameworksBuildPhase;
			buildActionMask = 2147483647;
			files = (
			);
			runOnlyForDeploymentPostprocessing = 0;
		};
/* End PBXFrameworksBuildPhase section */

/* Begin PBXGroup section */
		FD4ADF371AA982CB009F3F17 = {
			isa = PBXGroup;
			children = (
				FD4ADF421AA982CB009F3F17 /* customTableView */,
				FD4ADF581AA982CB009F3F17 /* customTableViewTests */,
				FD4ADF411AA982CB009F3F17 /* Products */,
			);
			sourceTree = "<group>";
		};
		FD4ADF411AA982CB009F3F17 /* Products */ = {
			isa = PBXGroup;
			children = (
				FD4ADF401AA982CB009F3F17 /* customTableView.app */,
				FD4ADF551AA982CB009F3F17 /* customTableViewTests.xctest */,
			);
			name = Products;
			sourceTree = "<group>";
		};
		FD4ADF421AA982CB009F3F17 /* customTableView */ = {
			isa = PBXGroup;
			children = (
				FD4ADF451AA982CB009F3F17 /* AppDelegate.swift */,
				FD4ADF491AA982CB009F3F17 /* Main.storyboard */,
				FD4ADF771AA99045009F3F17 /* balloon.swift */,
				FD4ADF691AA98E43009F3F17 /* data.swift */,
				FD4ADF651AA9852C009F3F17 /* tableTableViewController.swift */,
				FD4ADF671AA9857A009F3F17 /* TableViewCell.swift */,
				FD4ADF4C1AA982CB009F3F17 /* Images.xcassets */,
				FD4ADF4E1AA982CB009F3F17 /* LaunchScreen.xib */,
				FD4ADF431AA982CB009F3F17 /* Supporting Files */,
			);
			path = customTableView;
			sourceTree = "<group>";
		};
		FD4ADF431AA982CB009F3F17 /* Supporting Files */ = {
			isa = PBXGroup;
			children = (
				FD4ADF441AA982CB009F3F17 /* Info.plist */,
			);
			name = "Supporting Files";
			sourceTree = "<group>";
		};
		FD4ADF581AA982CB009F3F17 /* customTableViewTests */ = {
			isa = PBXGroup;
			children = (
				FD4ADF5B1AA982CB009F3F17 /* customTableViewTests.swift */,
				FD4ADF591AA982CB009F3F17 /* Supporting Files */,
			);
			path = customTableViewTests;
			sourceTree = "<group>";
		};
		FD4ADF591AA982CB009F3F17 /* Supporting Files */ = {
			isa = PBXGroup;
			children = (
				FD4ADF5A1AA982CB009F3F17 /* Info.plist */,
			);
			name = "Supporting Files";
			sourceTree = "<group>";
		};
/* End PBXGroup section */

/* Begin PBXNativeTarget section */
		FD4ADF3F1AA982CB009F3F17 /* customTableView */ = {
			isa = PBXNativeTarget;
			buildConfigurationList = FD4ADF5F1AA982CB009F3F17 /* Build configuration list for PBXNativeTarget "customTableView" */;
			buildPhases = (
				FD4ADF3C1AA982CB009F3F17 /* Sources */,
				FD4ADF3D1AA982CB009F3F17 /* Frameworks */,
				FD4ADF3E1AA982CB009F3F17 /* Resources */,
			);
			buildRules = (
			);
			dependencies = (
			);
			name = customTableView;
			productName = customTableView;
			productReference = FD4ADF401AA982CB009F3F17 /* customTableView.app */;
			productType = "com.apple.product-type.application";
		};
		FD4ADF541AA982CB009F3F17 /* customTableViewTests */ = {
			isa = PBXNativeTarget;
			buildConfigurationList = FD4ADF621AA982CB009F3F17 /* Build configuration list for PBXNativeTarget "customTableViewTests" */;
			buildPhases = (
				FD4ADF511AA982CB009F3F17 /* Sources */,
				FD4ADF521AA982CB009F3F17 /* Frameworks */,
				FD4ADF531AA982CB009F3F17 /* Resources */,
			);
			buildRules = (
			);
			dependencies = (
				FD4ADF571AA982CB009F3F17 /* PBXTargetDependency */,
			);
			name = customTableViewTests;
			productName = customTableViewTests;
			productReference = FD4ADF551AA982CB009F3F17 /* customTableViewTests.xctest */;
			productType = "com.apple.product-type.bundle.unit-test";
		};
/* End PBXNativeTarget section */

/* Begin PBXProject section */
		FD4ADF381AA982CB009F3F17 /* Project object */ = {
			isa = PBXProject;
			attributes = {
				LastUpgradeCheck = 0600;
				ORGANIZATIONNAME = iStudents;
				TargetAttributes = {
					FD4ADF3F1AA982CB009F3F17 = {
						CreatedOnToolsVersion = 6.0;
					};
					FD4ADF541AA982CB009F3F17 = {
						CreatedOnToolsVersion = 6.0;
						TestTargetID = FD4ADF3F1AA982CB009F3F17;
					};
				};
			};
			buildConfigurationList = FD4ADF3B1AA982CB009F3F17 /* Build configuration list for PBXProject "customTableView" */;
			compatibilityVersion = "Xcode 3.2";
			developmentRegion = English;
			hasScannedForEncodings = 0;
			knownRegions = (
				en,
				Base,
			);
			mainGroup = FD4ADF371AA982CB009F3F17;
			productRefGroup = FD4ADF411AA982CB009F3F17 /* Products */;
			projectDirPath = "";
			projectRoot = "";
			targets = (
				FD4ADF3F1AA982CB009F3F17 /* customTableView */,
				FD4ADF541AA982CB009F3F17 /* customTableViewTests */,
			);
		};
/* End PBXProject section */

/* Begin PBXResourcesBuildPhase section */
		FD4ADF3E1AA982CB009F3F17 /* Resources */ = {
			isa = PBXResourcesBuildPhase;
			buildActionMask = 2147483647;
			files = (
				FD4ADF4B1AA982CB009F3F17 /* Main.storyboard in Resources */,
				FD4ADF501AA982CB009F3F17 /* LaunchScreen.xib in Resources */,
				FD4ADF4D1AA982CB009F3F17 /* Images.xcassets in Resources */,
			);
			runOnlyForDeploymentPostprocessing = 0;
		};
		FD4ADF531AA982CB009F3F17 /* Resources */ = {
			isa = PBXResourcesBuildPhase;
			buildActionMask = 2147483647;
			files = (
			);
			runOnlyForDeploymentPostprocessing = 0;
		};
/* End PBXResourcesBuildPhase section */

/* Begin PBXSourcesBuildPhase section */
		FD4ADF3C1AA982CB009F3F17 /* Sources */ = {
			isa = PBXSourcesBuildPhase;
			buildActionMask = 2147483647;
			files = (
				FD4ADF681AA9857A009F3F17 /* TableViewCell.swift in Sources */,
				FD4ADF661AA9852C009F3F17 /* tableTableViewController.swift in Sources */,
				FD4ADF461AA982CB009F3F17 /* AppDelegate.swift in Sources */,
				FD4ADF6A1AA98E43009F3F17 /* data.swift in Sources */,
				FD4ADF781AA99045009F3F17 /* balloon.swift in Sources */,
			);
			runOnlyForDeploymentPostprocessing = 0;
		};
		FD4ADF511AA982CB009F3F17 /* Sources */ = {
			isa = PBXSourcesBuildPhase;
			buildActionMask = 2147483647;
			files = (
				FD4ADF5C1AA982CB009F3F17 /* customTableViewTests.swift in Sources */,
				FD4ADF791AA99045009F3F17 /* balloon.swift in Sources */,
			);
			runOnlyForDeploymentPostprocessing = 0;
		};
/* End PBXSourcesBuildPhase section */

/* Begin PBXTargetDependency section */
		FD4ADF571AA982CB009F3F17 /* PBXTargetDependency */ = {
			isa = PBXTargetDependency;
			target = FD4ADF3F1AA982CB009F3F17 /* customTableView */;
			targetProxy = FD4ADF561AA982CB009F3F17 /* PBXContainerItemProxy */;
		};
/* End PBXTargetDependency section */

/* Begin PBXVariantGroup section */
		FD4ADF491AA982CB009F3F17 /* Main.storyboard */ = {
			isa = PBXVariantGroup;
			children = (
				FD4ADF4A1AA982CB009F3F17 /* Base */,
			);
			name = Main.storyboard;
			sourceTree = "<group>";
		};
		FD4ADF4E1AA982CB009F3F17 /* LaunchScreen.xib */ = {
			isa = PBXVariantGroup;
			children = (
				FD4ADF4F1AA982CB009F3F17 /* Base */,
			);
			name = LaunchScreen.xib;
			sourceTree = "<group>";
		};
/* End PBXVariantGroup section */

/* Begin XCBuildConfiguration section */
		FD4ADF5D1AA982CB009F3F17 /* Debug */ = {
			isa = XCBuildConfiguration;
			buildSettings = {
				ALWAYS_SEARCH_USER_PATHS = NO;
				CLANG_CXX_LANGUAGE_STANDARD = "gnu++0x";
				CLANG_CXX_LIBRARY = "libc++";
				CLANG_ENABLE_MODULES = YES;
				CLANG_ENABLE_OBJC_ARC = YES;
				CLANG_WARN_BOOL_CONVERSION = YES;
				CLANG_WARN_CONSTANT_CONVERSION = YES;
				CLANG_WARN_DIRECT_OBJC_ISA_USAGE = YES_ERROR;
				CLANG_WARN_EMPTY_BODY = YES;
				CLANG_WARN_ENUM_CONVERSION = YES;
				CLANG_WARN_INT_CONVERSION = YES;
				CLANG_WARN_OBJC_ROOT_CLASS = YES_ERROR;
				CLANG_WARN_UNREACHABLE_CODE = YES;
				CLANG_WARN__DUPLICATE_METHOD_MATCH = YES;
				"CODE_SIGN_IDENTITY[sdk=iphoneos*]" = "iPhone Developer";
				COPY_PHASE_STRIP = NO;
				ENABLE_STRICT_OBJC_MSGSEND = YES;
				GCC_C_LANGUAGE_STANDARD = gnu99;
				GCC_DYNAMIC_NO_PIC = NO;
				GCC_OPTIMIZATION_LEVEL = 0;
				GCC_PREPROCESSOR_DEFINITIONS = (
					"DEBUG=1",
					"$(inherited)",
				);
				GCC_SYMBOLS_PRIVATE_EXTERN = NO;
				GCC_WARN_64_TO_32_BIT_CONVERSION = YES;
				GCC_WARN_ABOUT_RETURN_TYPE = YES_ERROR;
				GCC_WARN_UNDECLARED_SELECTOR = YES;
				GCC_WARN_UNINITIALIZED_AUTOS = YES_AGGRESSIVE;
				GCC_WARN_UNUSED_FUNCTION = YES;
				GCC_WARN_UNUSED_VARIABLE = YES;
				IPHONEOS_DEPLOYMENT_TARGET = 8.0;
				MTL_ENABLE_DEBUG_INFO = YES;
				ONLY_ACTIVE_ARCH = YES;
				SDKROOT = iphoneos;
				SWIFT_OPTIMIZATION_LEVEL = "-Onone";
			};
			name = Debug;
		};
		FD4ADF5E1AA982CB009F3F17 /* Release */ = {
			isa = XCBuildConfiguration;
			buildSettings = {
				ALWAYS_SEARCH_USER_PATHS = NO;
				CLANG_CXX_LANGUAGE_STANDARD = "gnu++0x";
				CLANG_CXX_LIBRARY = "libc++";
				CLANG_ENABLE_MODULES = YES;
				CLANG_ENABLE_OBJC_ARC = YES;
				CLANG_WARN_BOOL_CONVERSION = YES;
				CLANG_WARN_CONSTANT_CONVERSION = YES;
				CLANG_WARN_DIRECT_OBJC_ISA_USAGE = YES_ERROR;
				CLANG_WARN_EMPTY_BODY = YES;
				CLANG_WARN_ENUM_CONVERSION = YES;
				CLANG_WARN_INT_CONVERSION = YES;
				CLANG_WARN_OBJC_ROOT_CLASS = YES_ERROR;
				CLANG_WARN_UNREACHABLE_CODE = YES;
				CLANG_WARN__DUPLICATE_METHOD_MATCH = YES;
				"CODE_SIGN_IDENTITY[sdk=iphoneos*]" = "iPhone Developer";
				COPY_PHASE_STRIP = YES;
				ENABLE_NS_ASSERTIONS = NO;
				ENABLE_STRICT_OBJC_MSGSEND = YES;
				GCC_C_LANGUAGE_STANDARD = gnu99;
				GCC_WARN_64_TO_32_BIT_CONVERSION = YES;
				GCC_WARN_ABOUT_RETURN_TYPE = YES_ERROR;
				GCC_WARN_UNDECLARED_SELECTOR = YES;
				GCC_WARN_UNINITIALIZED_AUTOS = YES_AGGRESSIVE;
				GCC_WARN_UNUSED_FUNCTION = YES;
				GCC_WARN_UNUSED_VARIABLE = YES;
				IPHONEOS_DEPLOYMENT_TARGET = 8.0;
				MTL_ENABLE_DEBUG_INFO = NO;
				SDKROOT = iphoneos;
				VALIDATE_PRODUCT = YES;
			};
			name = Release;
		};
		FD4ADF601AA982CB009F3F17 /* Debug */ = {
			isa = XCBuildConfiguration;
			buildSettings = {
				ASSETCATALOG_COMPILER_APPICON_NAME = AppIcon;
				INFOPLIST_FILE = customTableView/Info.plist;
				LD_RUNPATH_SEARCH_PATHS = "$(inherited) @executable_path/Frameworks";
				PRODUCT_NAME = "$(TARGET_NAME)";
			};
			name = Debug;
		};
		FD4ADF611AA982CB009F3F17 /* Release */ = {
			isa = XCBuildConfiguration;
			buildSettings = {
				ASSETCATALOG_COMPILER_APPICON_NAME = AppIcon;
				INFOPLIST_FILE = customTableView/Info.plist;
				LD_RUNPATH_SEARCH_PATHS = "$(inherited) @executable_path/Frameworks";
				PRODUCT_NAME = "$(TARGET_NAME)";
			};
			name = Release;
		};
		FD4ADF631AA982CB009F3F17 /* Debug */ = {
			isa = XCBuildConfiguration;
			buildSettings = {
				BUNDLE_LOADER = "$(TEST_HOST)";
				FRAMEWORK_SEARCH_PATHS = (
					"$(SDKROOT)/Developer/Library/Frameworks",
					"$(inherited)",
				);
				GCC_PREPROCESSOR_DEFINITIONS = (
					"DEBUG=1",
					"$(inherited)",
				);
				INFOPLIST_FILE = customTableViewTests/Info.plist;
				LD_RUNPATH_SEARCH_PATHS = "$(inherited) @executable_path/Frameworks @loader_path/Frameworks";
				PRODUCT_NAME = "$(TARGET_NAME)";
				TEST_HOST = "$(BUILT_PRODUCTS_DIR)/customTableView.app/customTableView";
			};
			name = Debug;
		};
		FD4ADF641AA982CB009F3F17 /* Release */ = {
			isa = XCBuildConfiguration;
			buildSettings = {
				BUNDLE_LOADER = "$(TEST_HOST)";
				FRAMEWORK_SEARCH_PATHS = (
					"$(SDKROOT)/Developer/Library/Frameworks",
					"$(inherited)",
				);
				INFOPLIST_FILE = customTableViewTests/Info.plist;
				LD_RUNPATH_SEARCH_PATHS = "$(inherited) @executable_path/Frameworks @loader_path/Frameworks";
				PRODUCT_NAME = "$(TARGET_NAME)";
				TEST_HOST = "$(BUILT_PRODUCTS_DIR)/customTableView.app/customTableView";
			};
			name = Release;
		};
/* End XCBuildConfiguration section */

/* Begin XCConfigurationList section */
		FD4ADF3B1AA982CB009F3F17 /* Build configuration list for PBXProject "customTableView" */ = {
			isa = XCConfigurationList;
			buildConfigurations = (
				FD4ADF5D1AA982CB009F3F17 /* Debug */,
				FD4ADF5E1AA982CB009F3F17 /* Release */,
			);
			defaultConfigurationIsVisible = 0;
			defaultConfigurationName = Release;
		};
		FD4ADF5F1AA982CB009F3F17 /* Build configuration list for PBXNativeTarget "customTableView" */ = {
			isa = XCConfigurationList;
			buildConfigurations = (
				FD4ADF601AA982CB009F3F17 /* Debug */,
				FD4ADF611AA982CB009F3F17 /* Release */,
			);
			defaultConfigurationIsVisible = 0;
		};
		FD4ADF621AA982CB009F3F17 /* Build configuration list for PBXNativeTarget "customTableViewTests" */ = {
			isa = XCConfigurationList;
			buildConfigurations = (
				FD4ADF631AA982CB009F3F17 /* Debug */,
				FD4ADF641AA982CB009F3F17 /* Release */,
			);
			defaultConfigurationIsVisible = 0;
		};
/* End XCConfigurationList section */
	};
	rootObject = FD4ADF381AA982CB009F3F17 /* Project object */;
}
