// !$*UTF8*$!
{
	archiveVersion = 1;
	classes = {
	};
	objectVersion = 46;
	objects = {

/* Begin PBXBuildFile section */
		FDCDD1DF1A8DD8720010CFA5 /* AppDelegate.swift in Sources */ = {isa = PBXBuildFile; fileRef = FDCDD1DE1A8DD8720010CFA5 /* AppDelegate.swift */; };
		FDCDD1E11A8DD8720010CFA5 /* ViewController.swift in Sources */ = {isa = PBXBuildFile; fileRef = FDCDD1E01A8DD8720010CFA5 /* ViewController.swift */; };
		FDCDD1E41A8DD8720010CFA5 /* Main.storyboard in Resources */ = {isa = PBXBuildFile; fileRef = FDCDD1E21A8DD8720010CFA5 /* Main.storyboard */; };
		FDCDD1E61A8DD8720010CFA5 /* Images.xcassets in Resources */ = {isa = PBXBuildFile; fileRef = FDCDD1E51A8DD8720010CFA5 /* Images.xcassets */; };
		FDCDD1E91A8DD8720010CFA5 /* LaunchScreen.xib in Resources */ = {isa = PBXBuildFile; fileRef = FDCDD1E71A8DD8720010CFA5 /* LaunchScreen.xib */; };
		FDCDD1F51A8DD8720010CFA5 /* TableView_MenuTests.swift in Sources */ = {isa = PBXBuildFile; fileRef = FDCDD1F41A8DD8720010CFA5 /* TableView_MenuTests.swift */; };
		FDCDD20F1A8E00590010CFA5 /* not.png in Resources */ = {isa = PBXBuildFile; fileRef = FDCDD20C1A8E00590010CFA5 /* not.png */; };
		FDCDD2101A8E00590010CFA5 /* pen.png in Resources */ = {isa = PBXBuildFile; fileRef = FDCDD20D1A8E00590010CFA5 /* pen.png */; };
		FDCDD2111A8E00590010CFA5 /* x.png in Resources */ = {isa = PBXBuildFile; fileRef = FDCDD20E1A8E00590010CFA5 /* x.png */; };
/* End PBXBuildFile section */

/* Begin PBXContainerItemProxy section */
		FDCDD1EF1A8DD8720010CFA5 /* PBXContainerItemProxy */ = {
			isa = PBXContainerItemProxy;
			containerPortal = FDCDD1D11A8DD8720010CFA5 /* Project object */;
			proxyType = 1;
			remoteGlobalIDString = FDCDD1D81A8DD8720010CFA5;
			remoteInfo = "TableView Menu";
		};
/* End PBXContainerItemProxy section */

/* Begin PBXFileReference section */
		FDCDD1D91A8DD8720010CFA5 /* TableView Menu.app */ = {isa = PBXFileReference; explicitFileType = wrapper.application; includeInIndex = 0; path = "TableView Menu.app"; sourceTree = BUILT_PRODUCTS_DIR; };
		FDCDD1DD1A8DD8720010CFA5 /* Info.plist */ = {isa = PBXFileReference; lastKnownFileType = text.plist.xml; path = Info.plist; sourceTree = "<group>"; };
		FDCDD1DE1A8DD8720010CFA5 /* AppDelegate.swift */ = {isa = PBXFileReference; lastKnownFileType = sourcecode.swift; path = AppDelegate.swift; sourceTree = "<group>"; };
		FDCDD1E01A8DD8720010CFA5 /* ViewController.swift */ = {isa = PBXFileReference; lastKnownFileType = sourcecode.swift; path = ViewController.swift; sourceTree = "<group>"; };
		FDCDD1E31A8DD8720010CFA5 /* Base */ = {isa = PBXFileReference; lastKnownFileType = file.storyboard; name = Base; path = Base.lproj/Main.storyboard; sourceTree = "<group>"; };
		FDCDD1E51A8DD8720010CFA5 /* Images.xcassets */ = {isa = PBXFileReference; lastKnownFileType = folder.assetcatalog; path = Images.xcassets; sourceTree = "<group>"; };
		FDCDD1E81A8DD8720010CFA5 /* Base */ = {isa = PBXFileReference; lastKnownFileType = file.xib; name = Base; path = Base.lproj/LaunchScreen.xib; sourceTree = "<group>"; };
		FDCDD1EE1A8DD8720010CFA5 /* TableView MenuTests.xctest */ = {isa = PBXFileReference; explicitFileType = wrapper.cfbundle; includeInIndex = 0; path = "TableView MenuTests.xctest"; sourceTree = BUILT_PRODUCTS_DIR; };
		FDCDD1F31A8DD8720010CFA5 /* Info.plist */ = {isa = PBXFileReference; lastKnownFileType = text.plist.xml; path = Info.plist; sourceTree = "<group>"; };
		FDCDD1F41A8DD8720010CFA5 /* TableView_MenuTests.swift */ = {isa = PBXFileReference; lastKnownFileType = sourcecode.swift; path = TableView_MenuTests.swift; sourceTree = "<group>"; };
		FDCDD20C1A8E00590010CFA5 /* not.png */ = {isa = PBXFileReference; lastKnownFileType = image.png; path = not.png; sourceTree = "<group>"; };
		FDCDD20D1A8E00590010CFA5 /* pen.png */ = {isa = PBXFileReference; lastKnownFileType = image.png; path = pen.png; sourceTree = "<group>"; };
		FDCDD20E1A8E00590010CFA5 /* x.png */ = {isa = PBXFileReference; lastKnownFileType = image.png; path = x.png; sourceTree = "<group>"; };
/* End PBXFileReference section */

/* Begin PBXFrameworksBuildPhase section */
		FDCDD1D61A8DD8720010CFA5 /* Frameworks */ = {
			isa = PBXFrameworksBuildPhase;
			buildActionMask = 2147483647;
			files = (
			);
			runOnlyForDeploymentPostprocessing = 0;
		};
		FDCDD1EB1A8DD8720010CFA5 /* Frameworks */ = {
			isa = PBXFrameworksBuildPhase;
			buildActionMask = 2147483647;
			files = (
			);
			runOnlyForDeploymentPostprocessing = 0;
		};
/* End PBXFrameworksBuildPhase section */

/* Begin PBXGroup section */
		FDCDD1D01A8DD8720010CFA5 = {
			isa = PBXGroup;
			children = (
				FDCDD1DB1A8DD8720010CFA5 /* TableView Menu */,
				FDCDD1F11A8DD8720010CFA5 /* TableView MenuTests */,
				FDCDD1DA1A8DD8720010CFA5 /* Products */,
			);
			sourceTree = "<group>";
		};
		FDCDD1DA1A8DD8720010CFA5 /* Products */ = {
			isa = PBXGroup;
			children = (
				FDCDD1D91A8DD8720010CFA5 /* TableView Menu.app */,
				FDCDD1EE1A8DD8720010CFA5 /* TableView MenuTests.xctest */,
			);
			name = Products;
			sourceTree = "<group>";
		};
		FDCDD1DB1A8DD8720010CFA5 /* TableView Menu */ = {
			isa = PBXGroup;
			children = (
				FDCDD1DE1A8DD8720010CFA5 /* AppDelegate.swift */,
				FDCDD1E01A8DD8720010CFA5 /* ViewController.swift */,
				FDCDD1E21A8DD8720010CFA5 /* Main.storyboard */,
				FDCDD1E51A8DD8720010CFA5 /* Images.xcassets */,
				FDCDD1E71A8DD8720010CFA5 /* LaunchScreen.xib */,
				FDCDD1DC1A8DD8720010CFA5 /* Supporting Files */,
			);
			path = "TableView Menu";
			sourceTree = "<group>";
		};
		FDCDD1DC1A8DD8720010CFA5 /* Supporting Files */ = {
			isa = PBXGroup;
			children = (
				FDCDD20C1A8E00590010CFA5 /* not.png */,
				FDCDD20D1A8E00590010CFA5 /* pen.png */,
				FDCDD20E1A8E00590010CFA5 /* x.png */,
				FDCDD1DD1A8DD8720010CFA5 /* Info.plist */,
			);
			name = "Supporting Files";
			sourceTree = "<group>";
		};
		FDCDD1F11A8DD8720010CFA5 /* TableView MenuTests */ = {
			isa = PBXGroup;
			children = (
				FDCDD1F41A8DD8720010CFA5 /* TableView_MenuTests.swift */,
				FDCDD1F21A8DD8720010CFA5 /* Supporting Files */,
			);
			path = "TableView MenuTests";
			sourceTree = "<group>";
		};
		FDCDD1F21A8DD8720010CFA5 /* Supporting Files */ = {
			isa = PBXGroup;
			children = (
				FDCDD1F31A8DD8720010CFA5 /* Info.plist */,
			);
			name = "Supporting Files";
			sourceTree = "<group>";
		};
/* End PBXGroup section */

/* Begin PBXNativeTarget section */
		FDCDD1D81A8DD8720010CFA5 /* TableView Menu */ = {
			isa = PBXNativeTarget;
			buildConfigurationList = FDCDD1F81A8DD8720010CFA5 /* Build configuration list for PBXNativeTarget "TableView Menu" */;
			buildPhases = (
				FDCDD1D51A8DD8720010CFA5 /* Sources */,
				FDCDD1D61A8DD8720010CFA5 /* Frameworks */,
				FDCDD1D71A8DD8720010CFA5 /* Resources */,
			);
			buildRules = (
			);
			dependencies = (
			);
			name = "TableView Menu";
			productName = "TableView Menu";
			productReference = FDCDD1D91A8DD8720010CFA5 /* TableView Menu.app */;
			productType = "com.apple.product-type.application";
		};
		FDCDD1ED1A8DD8720010CFA5 /* TableView MenuTests */ = {
			isa = PBXNativeTarget;
			buildConfigurationList = FDCDD1FB1A8DD8720010CFA5 /* Build configuration list for PBXNativeTarget "TableView MenuTests" */;
			buildPhases = (
				FDCDD1EA1A8DD8720010CFA5 /* Sources */,
				FDCDD1EB1A8DD8720010CFA5 /* Frameworks */,
				FDCDD1EC1A8DD8720010CFA5 /* Resources */,
			);
			buildRules = (
			);
			dependencies = (
				FDCDD1F01A8DD8720010CFA5 /* PBXTargetDependency */,
			);
			name = "TableView MenuTests";
			productName = "TableView MenuTests";
			productReference = FDCDD1EE1A8DD8720010CFA5 /* TableView MenuTests.xctest */;
			productType = "com.apple.product-type.bundle.unit-test";
		};
/* End PBXNativeTarget section */

/* Begin PBXProject section */
		FDCDD1D11A8DD8720010CFA5 /* Project object */ = {
			isa = PBXProject;
			attributes = {
				LastUpgradeCheck = 0600;
				ORGANIZATIONNAME = iStudents;
				TargetAttributes = {
					FDCDD1D81A8DD8720010CFA5 = {
						CreatedOnToolsVersion = 6.0;
					};
					FDCDD1ED1A8DD8720010CFA5 = {
						CreatedOnToolsVersion = 6.0;
						TestTargetID = FDCDD1D81A8DD8720010CFA5;
					};
				};
			};
			buildConfigurationList = FDCDD1D41A8DD8720010CFA5 /* Build configuration list for PBXProject "TableView Menu" */;
			compatibilityVersion = "Xcode 3.2";
			developmentRegion = English;
			hasScannedForEncodings = 0;
			knownRegions = (
				en,
				Base,
			);
			mainGroup = FDCDD1D01A8DD8720010CFA5;
			productRefGroup = FDCDD1DA1A8DD8720010CFA5 /* Products */;
			projectDirPath = "";
			projectRoot = "";
			targets = (
				FDCDD1D81A8DD8720010CFA5 /* TableView Menu */,
				FDCDD1ED1A8DD8720010CFA5 /* TableView MenuTests */,
			);
		};
/* End PBXProject section */

/* Begin PBXResourcesBuildPhase section */
		FDCDD1D71A8DD8720010CFA5 /* Resources */ = {
			isa = PBXResourcesBuildPhase;
			buildActionMask = 2147483647;
			files = (
				FDCDD2111A8E00590010CFA5 /* x.png in Resources */,
				FDCDD1E41A8DD8720010CFA5 /* Main.storyboard in Resources */,
				FDCDD2101A8E00590010CFA5 /* pen.png in Resources */,
				FDCDD1E91A8DD8720010CFA5 /* LaunchScreen.xib in Resources */,
				FDCDD1E61A8DD8720010CFA5 /* Images.xcassets in Resources */,
				FDCDD20F1A8E00590010CFA5 /* not.png in Resources */,
			);
			runOnlyForDeploymentPostprocessing = 0;
		};
		FDCDD1EC1A8DD8720010CFA5 /* Resources */ = {
			isa = PBXResourcesBuildPhase;
			buildActionMask = 2147483647;
			files = (
			);
			runOnlyForDeploymentPostprocessing = 0;
		};
/* End PBXResourcesBuildPhase section */

/* Begin PBXSourcesBuildPhase section */
		FDCDD1D51A8DD8720010CFA5 /* Sources */ = {
			isa = PBXSourcesBuildPhase;
			buildActionMask = 2147483647;
			files = (
				FDCDD1E11A8DD8720010CFA5 /* ViewController.swift in Sources */,
				FDCDD1DF1A8DD8720010CFA5 /* AppDelegate.swift in Sources */,
			);
			runOnlyForDeploymentPostprocessing = 0;
		};
		FDCDD1EA1A8DD8720010CFA5 /* Sources */ = {
			isa = PBXSourcesBuildPhase;
			buildActionMask = 2147483647;
			files = (
				FDCDD1F51A8DD8720010CFA5 /* TableView_MenuTests.swift in Sources */,
			);
			runOnlyForDeploymentPostprocessing = 0;
		};
/* End PBXSourcesBuildPhase section */

/* Begin PBXTargetDependency section */
		FDCDD1F01A8DD8720010CFA5 /* PBXTargetDependency */ = {
			isa = PBXTargetDependency;
			target = FDCDD1D81A8DD8720010CFA5 /* TableView Menu */;
			targetProxy = FDCDD1EF1A8DD8720010CFA5 /* PBXContainerItemProxy */;
		};
/* End PBXTargetDependency section */

/* Begin PBXVariantGroup section */
		FDCDD1E21A8DD8720010CFA5 /* Main.storyboard */ = {
			isa = PBXVariantGroup;
			children = (
				FDCDD1E31A8DD8720010CFA5 /* Base */,
			);
			name = Main.storyboard;
			sourceTree = "<group>";
		};
		FDCDD1E71A8DD8720010CFA5 /* LaunchScreen.xib */ = {
			isa = PBXVariantGroup;
			children = (
				FDCDD1E81A8DD8720010CFA5 /* Base */,
			);
			name = LaunchScreen.xib;
			sourceTree = "<group>";
		};
/* End PBXVariantGroup section */

/* Begin XCBuildConfiguration section */
		FDCDD1F61A8DD8720010CFA5 /* Debug */ = {
			isa = XCBuildConfiguration;
			buildSettings = {
				ALWAYS_SEARCH_USER_PATHS = NO;
				CLANG_CXX_LANGUAGE_STANDARD = "gnu++0x";
				CLANG_CXX_LIBRARY = "libc++";
				CLANG_ENABLE_MODULES = YES;
				CLANG_ENABLE_OBJC_ARC = YES;
				CLANG_WARN_BOOL_CONVERSION = YES;
				CLANG_WARN_CONSTANT_CONVERSION = YES;
				CLANG_WARN_DIRECT_OBJC_ISA_USAGE = YES_ERROR;
				CLANG_WARN_EMPTY_BODY = YES;
				CLANG_WARN_ENUM_CONVERSION = YES;
				CLANG_WARN_INT_CONVERSION = YES;
				CLANG_WARN_OBJC_ROOT_CLASS = YES_ERROR;
				CLANG_WARN_UNREACHABLE_CODE = YES;
				CLANG_WARN__DUPLICATE_METHOD_MATCH = YES;
				"CODE_SIGN_IDENTITY[sdk=iphoneos*]" = "iPhone Developer";
				COPY_PHASE_STRIP = NO;
				ENABLE_STRICT_OBJC_MSGSEND = YES;
				GCC_C_LANGUAGE_STANDARD = gnu99;
				GCC_DYNAMIC_NO_PIC = NO;
				GCC_OPTIMIZATION_LEVEL = 0;
				GCC_PREPROCESSOR_DEFINITIONS = (
					"DEBUG=1",
					"$(inherited)",
				);
				GCC_SYMBOLS_PRIVATE_EXTERN = NO;
				GCC_WARN_64_TO_32_BIT_CONVERSION = YES;
				GCC_WARN_ABOUT_RETURN_TYPE = YES_ERROR;
				GCC_WARN_UNDECLARED_SELECTOR = YES;
				GCC_WARN_UNINITIALIZED_AUTOS = YES_AGGRESSIVE;
				GCC_WARN_UNUSED_FUNCTION = YES;
				GCC_WARN_UNUSED_VARIABLE = YES;
				IPHONEOS_DEPLOYMENT_TARGET = 8.0;
				MTL_ENABLE_DEBUG_INFO = YES;
				ONLY_ACTIVE_ARCH = YES;
				SDKROOT = iphoneos;
				SWIFT_OPTIMIZATION_LEVEL = "-Onone";
			};
			name = Debug;
		};
		FDCDD1F71A8DD8720010CFA5 /* Release */ = {
			isa = XCBuildConfiguration;
			buildSettings = {
				ALWAYS_SEARCH_USER_PATHS = NO;
				CLANG_CXX_LANGUAGE_STANDARD = "gnu++0x";
				CLANG_CXX_LIBRARY = "libc++";
				CLANG_ENABLE_MODULES = YES;
				CLANG_ENABLE_OBJC_ARC = YES;
				CLANG_WARN_BOOL_CONVERSION = YES;
				CLANG_WARN_CONSTANT_CONVERSION = YES;
				CLANG_WARN_DIRECT_OBJC_ISA_USAGE = YES_ERROR;
				CLANG_WARN_EMPTY_BODY = YES;
				CLANG_WARN_ENUM_CONVERSION = YES;
				CLANG_WARN_INT_CONVERSION = YES;
				CLANG_WARN_OBJC_ROOT_CLASS = YES_ERROR;
				CLANG_WARN_UNREACHABLE_CODE = YES;
				CLANG_WARN__DUPLICATE_METHOD_MATCH = YES;
				"CODE_SIGN_IDENTITY[sdk=iphoneos*]" = "iPhone Developer";
				COPY_PHASE_STRIP = YES;
				ENABLE_NS_ASSERTIONS = NO;
				ENABLE_STRICT_OBJC_MSGSEND = YES;
				GCC_C_LANGUAGE_STANDARD = gnu99;
				GCC_WARN_64_TO_32_BIT_CONVERSION = YES;
				GCC_WARN_ABOUT_RETURN_TYPE = YES_ERROR;
				GCC_WARN_UNDECLARED_SELECTOR = YES;
				GCC_WARN_UNINITIALIZED_AUTOS = YES_AGGRESSIVE;
				GCC_WARN_UNUSED_FUNCTION = YES;
				GCC_WARN_UNUSED_VARIABLE = YES;
				IPHONEOS_DEPLOYMENT_TARGET = 8.0;
				MTL_ENABLE_DEBUG_INFO = NO;
				SDKROOT = iphoneos;
				VALIDATE_PRODUCT = YES;
			};
			name = Release;
		};
		FDCDD1F91A8DD8720010CFA5 /* Debug */ = {
			isa = XCBuildConfiguration;
			buildSettings = {
				ASSETCATALOG_COMPILER_APPICON_NAME = AppIcon;
				INFOPLIST_FILE = "TableView Menu/Info.plist";
				LD_RUNPATH_SEARCH_PATHS = "$(inherited) @executable_path/Frameworks";
				PRODUCT_NAME = "$(TARGET_NAME)";
			};
			name = Debug;
		};
		FDCDD1FA1A8DD8720010CFA5 /* Release */ = {
			isa = XCBuildConfiguration;
			buildSettings = {
				ASSETCATALOG_COMPILER_APPICON_NAME = AppIcon;
				INFOPLIST_FILE = "TableView Menu/Info.plist";
				LD_RUNPATH_SEARCH_PATHS = "$(inherited) @executable_path/Frameworks";
				PRODUCT_NAME = "$(TARGET_NAME)";
			};
			name = Release;
		};
		FDCDD1FC1A8DD8720010CFA5 /* Debug */ = {
			isa = XCBuildConfiguration;
			buildSettings = {
				BUNDLE_LOADER = "$(TEST_HOST)";
				FRAMEWORK_SEARCH_PATHS = (
					"$(SDKROOT)/Developer/Library/Frameworks",
					"$(inherited)",
				);
				GCC_PREPROCESSOR_DEFINITIONS = (
					"DEBUG=1",
					"$(inherited)",
				);
				INFOPLIST_FILE = "TableView MenuTests/Info.plist";
				LD_RUNPATH_SEARCH_PATHS = "$(inherited) @executable_path/Frameworks @loader_path/Frameworks";
				PRODUCT_NAME = "$(TARGET_NAME)";
				TEST_HOST = "$(BUILT_PRODUCTS_DIR)/TableView Menu.app/TableView Menu";
			};
			name = Debug;
		};
		FDCDD1FD1A8DD8720010CFA5 /* Release */ = {
			isa = XCBuildConfiguration;
			buildSettings = {
				BUNDLE_LOADER = "$(TEST_HOST)";
				FRAMEWORK_SEARCH_PATHS = (
					"$(SDKROOT)/Developer/Library/Frameworks",
					"$(inherited)",
				);
				INFOPLIST_FILE = "TableView MenuTests/Info.plist";
				LD_RUNPATH_SEARCH_PATHS = "$(inherited) @executable_path/Frameworks @loader_path/Frameworks";
				PRODUCT_NAME = "$(TARGET_NAME)";
				TEST_HOST = "$(BUILT_PRODUCTS_DIR)/TableView Menu.app/TableView Menu";
			};
			name = Release;
		};
/* End XCBuildConfiguration section */

/* Begin XCConfigurationList section */
		FDCDD1D41A8DD8720010CFA5 /* Build configuration list for PBXProject "TableView Menu" */ = {
			isa = XCConfigurationList;
			buildConfigurations = (
				FDCDD1F61A8DD8720010CFA5 /* Debug */,
				FDCDD1F71A8DD8720010CFA5 /* Release */,
			);
			defaultConfigurationIsVisible = 0;
			defaultConfigurationName = Release;
		};
		FDCDD1F81A8DD8720010CFA5 /* Build configuration list for PBXNativeTarget "TableView Menu" */ = {
			isa = XCConfigurationList;
			buildConfigurations = (
				FDCDD1F91A8DD8720010CFA5 /* Debug */,
				FDCDD1FA1A8DD8720010CFA5 /* Release */,
			);
			defaultConfigurationIsVisible = 0;
			defaultConfigurationName = Release;
		};
		FDCDD1FB1A8DD8720010CFA5 /* Build configuration list for PBXNativeTarget "TableView MenuTests" */ = {
			isa = XCConfigurationList;
			buildConfigurations = (
				FDCDD1FC1A8DD8720010CFA5 /* Debug */,
				FDCDD1FD1A8DD8720010CFA5 /* Release */,
			);
			defaultConfigurationIsVisible = 0;
			defaultConfigurationName = Release;
		};
/* End XCConfigurationList section */
	};
	rootObject = FDCDD1D11A8DD8720010CFA5 /* Project object */;
}
