// !$*UTF8*$!
{
	archiveVersion = 1;
	classes = {
	};
	objectVersion = 46;
	objects = {

/* Begin PBXBuildFile section */
		FD5AC1A71AC54B6C00158911 /* AppDelegate.swift in Sources */ = {isa = PBXBuildFile; fileRef = FD5AC1A61AC54B6C00158911 /* AppDelegate.swift */; };
		FD5AC1AA1AC54B6C00158911 /* labanime2.xcdatamodeld in Sources */ = {isa = PBXBuildFile; fileRef = FD5AC1A81AC54B6C00158911 /* labanime2.xcdatamodeld */; };
		FD5AC1AC1AC54B6C00158911 /* ViewController.swift in Sources */ = {isa = PBXBuildFile; fileRef = FD5AC1AB1AC54B6C00158911 /* ViewController.swift */; };
		FD5AC1AF1AC54B6C00158911 /* Main.storyboard in Resources */ = {isa = PBXBuildFile; fileRef = FD5AC1AD1AC54B6C00158911 /* Main.storyboard */; };
		FD5AC1B11AC54B6C00158911 /* Images.xcassets in Resources */ = {isa = PBXBuildFile; fileRef = FD5AC1B01AC54B6C00158911 /* Images.xcassets */; };
		FD5AC1B41AC54B6C00158911 /* LaunchScreen.xib in Resources */ = {isa = PBXBuildFile; fileRef = FD5AC1B21AC54B6C00158911 /* LaunchScreen.xib */; };
		FD5AC1C01AC54B6C00158911 /* labanime2Tests.swift in Sources */ = {isa = PBXBuildFile; fileRef = FD5AC1BF1AC54B6C00158911 /* labanime2Tests.swift */; };
/* End PBXBuildFile section */

/* Begin PBXContainerItemProxy section */
		FD5AC1BA1AC54B6C00158911 /* PBXContainerItemProxy */ = {
			isa = PBXContainerItemProxy;
			containerPortal = FD5AC1991AC54B6C00158911 /* Project object */;
			proxyType = 1;
			remoteGlobalIDString = FD5AC1A01AC54B6C00158911;
			remoteInfo = labanime2;
		};
/* End PBXContainerItemProxy section */

/* Begin PBXFileReference section */
		FD5AC1A11AC54B6C00158911 /* labanime2.app */ = {isa = PBXFileReference; explicitFileType = wrapper.application; includeInIndex = 0; path = labanime2.app; sourceTree = BUILT_PRODUCTS_DIR; };
		FD5AC1A51AC54B6C00158911 /* Info.plist */ = {isa = PBXFileReference; lastKnownFileType = text.plist.xml; path = Info.plist; sourceTree = "<group>"; };
		FD5AC1A61AC54B6C00158911 /* AppDelegate.swift */ = {isa = PBXFileReference; lastKnownFileType = sourcecode.swift; path = AppDelegate.swift; sourceTree = "<group>"; };
		FD5AC1A91AC54B6C00158911 /* labanime2.xcdatamodel */ = {isa = PBXFileReference; lastKnownFileType = wrapper.xcdatamodel; path = labanime2.xcdatamodel; sourceTree = "<group>"; };
		FD5AC1AB1AC54B6C00158911 /* ViewController.swift */ = {isa = PBXFileReference; lastKnownFileType = sourcecode.swift; path = ViewController.swift; sourceTree = "<group>"; };
		FD5AC1AE1AC54B6C00158911 /* Base */ = {isa = PBXFileReference; lastKnownFileType = file.storyboard; name = Base; path = Base.lproj/Main.storyboard; sourceTree = "<group>"; };
		FD5AC1B01AC54B6C00158911 /* Images.xcassets */ = {isa = PBXFileReference; lastKnownFileType = folder.assetcatalog; path = Images.xcassets; sourceTree = "<group>"; };
		FD5AC1B31AC54B6C00158911 /* Base */ = {isa = PBXFileReference; lastKnownFileType = file.xib; name = Base; path = Base.lproj/LaunchScreen.xib; sourceTree = "<group>"; };
		FD5AC1B91AC54B6C00158911 /* labanime2Tests.xctest */ = {isa = PBXFileReference; explicitFileType = wrapper.cfbundle; includeInIndex = 0; path = labanime2Tests.xctest; sourceTree = BUILT_PRODUCTS_DIR; };
		FD5AC1BE1AC54B6C00158911 /* Info.plist */ = {isa = PBXFileReference; lastKnownFileType = text.plist.xml; path = Info.plist; sourceTree = "<group>"; };
		FD5AC1BF1AC54B6C00158911 /* labanime2Tests.swift */ = {isa = PBXFileReference; lastKnownFileType = sourcecode.swift; path = labanime2Tests.swift; sourceTree = "<group>"; };
/* End PBXFileReference section */

/* Begin PBXFrameworksBuildPhase section */
		FD5AC19E1AC54B6C00158911 /* Frameworks */ = {
			isa = PBXFrameworksBuildPhase;
			buildActionMask = 2147483647;
			files = (
			);
			runOnlyForDeploymentPostprocessing = 0;
		};
		FD5AC1B61AC54B6C00158911 /* Frameworks */ = {
			isa = PBXFrameworksBuildPhase;
			buildActionMask = 2147483647;
			files = (
			);
			runOnlyForDeploymentPostprocessing = 0;
		};
/* End PBXFrameworksBuildPhase section */

/* Begin PBXGroup section */
		FD5AC1981AC54B6C00158911 = {
			isa = PBXGroup;
			children = (
				FD5AC1A31AC54B6C00158911 /* labanime2 */,
				FD5AC1BC1AC54B6C00158911 /* labanime2Tests */,
				FD5AC1A21AC54B6C00158911 /* Products */,
			);
			sourceTree = "<group>";
		};
		FD5AC1A21AC54B6C00158911 /* Products */ = {
			isa = PBXGroup;
			children = (
				FD5AC1A11AC54B6C00158911 /* labanime2.app */,
				FD5AC1B91AC54B6C00158911 /* labanime2Tests.xctest */,
			);
			name = Products;
			sourceTree = "<group>";
		};
		FD5AC1A31AC54B6C00158911 /* labanime2 */ = {
			isa = PBXGroup;
			children = (
				FD5AC1A61AC54B6C00158911 /* AppDelegate.swift */,
				FD5AC1AB1AC54B6C00158911 /* ViewController.swift */,
				FD5AC1AD1AC54B6C00158911 /* Main.storyboard */,
				FD5AC1B01AC54B6C00158911 /* Images.xcassets */,
				FD5AC1B21AC54B6C00158911 /* LaunchScreen.xib */,
				FD5AC1A81AC54B6C00158911 /* labanime2.xcdatamodeld */,
				FD5AC1A41AC54B6C00158911 /* Supporting Files */,
			);
			path = labanime2;
			sourceTree = "<group>";
		};
		FD5AC1A41AC54B6C00158911 /* Supporting Files */ = {
			isa = PBXGroup;
			children = (
				FD5AC1A51AC54B6C00158911 /* Info.plist */,
			);
			name = "Supporting Files";
			sourceTree = "<group>";
		};
		FD5AC1BC1AC54B6C00158911 /* labanime2Tests */ = {
			isa = PBXGroup;
			children = (
				FD5AC1BF1AC54B6C00158911 /* labanime2Tests.swift */,
				FD5AC1BD1AC54B6C00158911 /* Supporting Files */,
			);
			path = labanime2Tests;
			sourceTree = "<group>";
		};
		FD5AC1BD1AC54B6C00158911 /* Supporting Files */ = {
			isa = PBXGroup;
			children = (
				FD5AC1BE1AC54B6C00158911 /* Info.plist */,
			);
			name = "Supporting Files";
			sourceTree = "<group>";
		};
/* End PBXGroup section */

/* Begin PBXNativeTarget section */
		FD5AC1A01AC54B6C00158911 /* labanime2 */ = {
			isa = PBXNativeTarget;
			buildConfigurationList = FD5AC1C31AC54B6C00158911 /* Build configuration list for PBXNativeTarget "labanime2" */;
			buildPhases = (
				FD5AC19D1AC54B6C00158911 /* Sources */,
				FD5AC19E1AC54B6C00158911 /* Frameworks */,
				FD5AC19F1AC54B6C00158911 /* Resources */,
			);
			buildRules = (
			);
			dependencies = (
			);
			name = labanime2;
			productName = labanime2;
			productReference = FD5AC1A11AC54B6C00158911 /* labanime2.app */;
			productType = "com.apple.product-type.application";
		};
		FD5AC1B81AC54B6C00158911 /* labanime2Tests */ = {
			isa = PBXNativeTarget;
			buildConfigurationList = FD5AC1C61AC54B6C00158911 /* Build configuration list for PBXNativeTarget "labanime2Tests" */;
			buildPhases = (
				FD5AC1B51AC54B6C00158911 /* Sources */,
				FD5AC1B61AC54B6C00158911 /* Frameworks */,
				FD5AC1B71AC54B6C00158911 /* Resources */,
			);
			buildRules = (
			);
			dependencies = (
				FD5AC1BB1AC54B6C00158911 /* PBXTargetDependency */,
			);
			name = labanime2Tests;
			productName = labanime2Tests;
			productReference = FD5AC1B91AC54B6C00158911 /* labanime2Tests.xctest */;
			productType = "com.apple.product-type.bundle.unit-test";
		};
/* End PBXNativeTarget section */

/* Begin PBXProject section */
		FD5AC1991AC54B6C00158911 /* Project object */ = {
			isa = PBXProject;
			attributes = {
				LastUpgradeCheck = 0600;
				ORGANIZATIONNAME = iStudents;
				TargetAttributes = {
					FD5AC1A01AC54B6C00158911 = {
						CreatedOnToolsVersion = 6.0;
					};
					FD5AC1B81AC54B6C00158911 = {
						CreatedOnToolsVersion = 6.0;
						TestTargetID = FD5AC1A01AC54B6C00158911;
					};
				};
			};
			buildConfigurationList = FD5AC19C1AC54B6C00158911 /* Build configuration list for PBXProject "labanime2" */;
			compatibilityVersion = "Xcode 3.2";
			developmentRegion = English;
			hasScannedForEncodings = 0;
			knownRegions = (
				en,
				Base,
			);
			mainGroup = FD5AC1981AC54B6C00158911;
			productRefGroup = FD5AC1A21AC54B6C00158911 /* Products */;
			projectDirPath = "";
			projectRoot = "";
			targets = (
				FD5AC1A01AC54B6C00158911 /* labanime2 */,
				FD5AC1B81AC54B6C00158911 /* labanime2Tests */,
			);
		};
/* End PBXProject section */

/* Begin PBXResourcesBuildPhase section */
		FD5AC19F1AC54B6C00158911 /* Resources */ = {
			isa = PBXResourcesBuildPhase;
			buildActionMask = 2147483647;
			files = (
				FD5AC1AF1AC54B6C00158911 /* Main.storyboard in Resources */,
				FD5AC1B41AC54B6C00158911 /* LaunchScreen.xib in Resources */,
				FD5AC1B11AC54B6C00158911 /* Images.xcassets in Resources */,
			);
			runOnlyForDeploymentPostprocessing = 0;
		};
		FD5AC1B71AC54B6C00158911 /* Resources */ = {
			isa = PBXResourcesBuildPhase;
			buildActionMask = 2147483647;
			files = (
			);
			runOnlyForDeploymentPostprocessing = 0;
		};
/* End PBXResourcesBuildPhase section */

/* Begin PBXSourcesBuildPhase section */
		FD5AC19D1AC54B6C00158911 /* Sources */ = {
			isa = PBXSourcesBuildPhase;
			buildActionMask = 2147483647;
			files = (
				FD5AC1AC1AC54B6C00158911 /* ViewController.swift in Sources */,
				FD5AC1A71AC54B6C00158911 /* AppDelegate.swift in Sources */,
				FD5AC1AA1AC54B6C00158911 /* labanime2.xcdatamodeld in Sources */,
			);
			runOnlyForDeploymentPostprocessing = 0;
		};
		FD5AC1B51AC54B6C00158911 /* Sources */ = {
			isa = PBXSourcesBuildPhase;
			buildActionMask = 2147483647;
			files = (
				FD5AC1C01AC54B6C00158911 /* labanime2Tests.swift in Sources */,
			);
			runOnlyForDeploymentPostprocessing = 0;
		};
/* End PBXSourcesBuildPhase section */

/* Begin PBXTargetDependency section */
		FD5AC1BB1AC54B6C00158911 /* PBXTargetDependency */ = {
			isa = PBXTargetDependency;
			target = FD5AC1A01AC54B6C00158911 /* labanime2 */;
			targetProxy = FD5AC1BA1AC54B6C00158911 /* PBXContainerItemProxy */;
		};
/* End PBXTargetDependency section */

/* Begin PBXVariantGroup section */
		FD5AC1AD1AC54B6C00158911 /* Main.storyboard */ = {
			isa = PBXVariantGroup;
			children = (
				FD5AC1AE1AC54B6C00158911 /* Base */,
			);
			name = Main.storyboard;
			sourceTree = "<group>";
		};
		FD5AC1B21AC54B6C00158911 /* LaunchScreen.xib */ = {
			isa = PBXVariantGroup;
			children = (
				FD5AC1B31AC54B6C00158911 /* Base */,
			);
			name = LaunchScreen.xib;
			sourceTree = "<group>";
		};
/* End PBXVariantGroup section */

/* Begin XCBuildConfiguration section */
		FD5AC1C11AC54B6C00158911 /* Debug */ = {
			isa = XCBuildConfiguration;
			buildSettings = {
				ALWAYS_SEARCH_USER_PATHS = NO;
				CLANG_CXX_LANGUAGE_STANDARD = "gnu++0x";
				CLANG_CXX_LIBRARY = "libc++";
				CLANG_ENABLE_MODULES = YES;
				CLANG_ENABLE_OBJC_ARC = YES;
				CLANG_WARN_BOOL_CONVERSION = YES;
				CLANG_WARN_CONSTANT_CONVERSION = YES;
				CLANG_WARN_DIRECT_OBJC_ISA_USAGE = YES_ERROR;
				CLANG_WARN_EMPTY_BODY = YES;
				CLANG_WARN_ENUM_CONVERSION = YES;
				CLANG_WARN_INT_CONVERSION = YES;
				CLANG_WARN_OBJC_ROOT_CLASS = YES_ERROR;
				CLANG_WARN_UNREACHABLE_CODE = YES;
				CLANG_WARN__DUPLICATE_METHOD_MATCH = YES;
				"CODE_SIGN_IDENTITY[sdk=iphoneos*]" = "iPhone Developer";
				COPY_PHASE_STRIP = NO;
				ENABLE_STRICT_OBJC_MSGSEND = YES;
				GCC_C_LANGUAGE_STANDARD = gnu99;
				GCC_DYNAMIC_NO_PIC = NO;
				GCC_OPTIMIZATION_LEVEL = 0;
				GCC_PREPROCESSOR_DEFINITIONS = (
					"DEBUG=1",
					"$(inherited)",
				);
				GCC_SYMBOLS_PRIVATE_EXTERN = NO;
				GCC_WARN_64_TO_32_BIT_CONVERSION = YES;
				GCC_WARN_ABOUT_RETURN_TYPE = YES_ERROR;
				GCC_WARN_UNDECLARED_SELECTOR = YES;
				GCC_WARN_UNINITIALIZED_AUTOS = YES_AGGRESSIVE;
				GCC_WARN_UNUSED_FUNCTION = YES;
				GCC_WARN_UNUSED_VARIABLE = YES;
				IPHONEOS_DEPLOYMENT_TARGET = 8.0;
				MTL_ENABLE_DEBUG_INFO = YES;
				ONLY_ACTIVE_ARCH = YES;
				SDKROOT = iphoneos;
				SWIFT_OPTIMIZATION_LEVEL = "-Onone";
			};
			name = Debug;
		};
		FD5AC1C21AC54B6C00158911 /* Release */ = {
			isa = XCBuildConfiguration;
			buildSettings = {
				ALWAYS_SEARCH_USER_PATHS = NO;
				CLANG_CXX_LANGUAGE_STANDARD = "gnu++0x";
				CLANG_CXX_LIBRARY = "libc++";
				CLANG_ENABLE_MODULES = YES;
				CLANG_ENABLE_OBJC_ARC = YES;
				CLANG_WARN_BOOL_CONVERSION = YES;
				CLANG_WARN_CONSTANT_CONVERSION = YES;
				CLANG_WARN_DIRECT_OBJC_ISA_USAGE = YES_ERROR;
				CLANG_WARN_EMPTY_BODY = YES;
				CLANG_WARN_ENUM_CONVERSION = YES;
				CLANG_WARN_INT_CONVERSION = YES;
				CLANG_WARN_OBJC_ROOT_CLASS = YES_ERROR;
				CLANG_WARN_UNREACHABLE_CODE = YES;
				CLANG_WARN__DUPLICATE_METHOD_MATCH = YES;
				"CODE_SIGN_IDENTITY[sdk=iphoneos*]" = "iPhone Developer";
				COPY_PHASE_STRIP = YES;
				ENABLE_NS_ASSERTIONS = NO;
				ENABLE_STRICT_OBJC_MSGSEND = YES;
				GCC_C_LANGUAGE_STANDARD = gnu99;
				GCC_WARN_64_TO_32_BIT_CONVERSION = YES;
				GCC_WARN_ABOUT_RETURN_TYPE = YES_ERROR;
				GCC_WARN_UNDECLARED_SELECTOR = YES;
				GCC_WARN_UNINITIALIZED_AUTOS = YES_AGGRESSIVE;
				GCC_WARN_UNUSED_FUNCTION = YES;
				GCC_WARN_UNUSED_VARIABLE = YES;
				IPHONEOS_DEPLOYMENT_TARGET = 8.0;
				MTL_ENABLE_DEBUG_INFO = NO;
				SDKROOT = iphoneos;
				VALIDATE_PRODUCT = YES;
			};
			name = Release;
		};
		FD5AC1C41AC54B6C00158911 /* Debug */ = {
			isa = XCBuildConfiguration;
			buildSettings = {
				ASSETCATALOG_COMPILER_APPICON_NAME = AppIcon;
				INFOPLIST_FILE = labanime2/Info.plist;
				LD_RUNPATH_SEARCH_PATHS = "$(inherited) @executable_path/Frameworks";
				PRODUCT_NAME = "$(TARGET_NAME)";
			};
			name = Debug;
		};
		FD5AC1C51AC54B6C00158911 /* Release */ = {
			isa = XCBuildConfiguration;
			buildSettings = {
				ASSETCATALOG_COMPILER_APPICON_NAME = AppIcon;
				INFOPLIST_FILE = labanime2/Info.plist;
				LD_RUNPATH_SEARCH_PATHS = "$(inherited) @executable_path/Frameworks";
				PRODUCT_NAME = "$(TARGET_NAME)";
			};
			name = Release;
		};
		FD5AC1C71AC54B6C00158911 /* Debug */ = {
			isa = XCBuildConfiguration;
			buildSettings = {
				BUNDLE_LOADER = "$(TEST_HOST)";
				FRAMEWORK_SEARCH_PATHS = (
					"$(SDKROOT)/Developer/Library/Frameworks",
					"$(inherited)",
				);
				GCC_PREPROCESSOR_DEFINITIONS = (
					"DEBUG=1",
					"$(inherited)",
				);
				INFOPLIST_FILE = labanime2Tests/Info.plist;
				LD_RUNPATH_SEARCH_PATHS = "$(inherited) @executable_path/Frameworks @loader_path/Frameworks";
				PRODUCT_NAME = "$(TARGET_NAME)";
				TEST_HOST = "$(BUILT_PRODUCTS_DIR)/labanime2.app/labanime2";
			};
			name = Debug;
		};
		FD5AC1C81AC54B6C00158911 /* Release */ = {
			isa = XCBuildConfiguration;
			buildSettings = {
				BUNDLE_LOADER = "$(TEST_HOST)";
				FRAMEWORK_SEARCH_PATHS = (
					"$(SDKROOT)/Developer/Library/Frameworks",
					"$(inherited)",
				);
				INFOPLIST_FILE = labanime2Tests/Info.plist;
				LD_RUNPATH_SEARCH_PATHS = "$(inherited) @executable_path/Frameworks @loader_path/Frameworks";
				PRODUCT_NAME = "$(TARGET_NAME)";
				TEST_HOST = "$(BUILT_PRODUCTS_DIR)/labanime2.app/labanime2";
			};
			name = Release;
		};
/* End XCBuildConfiguration section */

/* Begin XCConfigurationList section */
		FD5AC19C1AC54B6C00158911 /* Build configuration list for PBXProject "labanime2" */ = {
			isa = XCConfigurationList;
			buildConfigurations = (
				FD5AC1C11AC54B6C00158911 /* Debug */,
				FD5AC1C21AC54B6C00158911 /* Release */,
			);
			defaultConfigurationIsVisible = 0;
			defaultConfigurationName = Release;
		};
		FD5AC1C31AC54B6C00158911 /* Build configuration list for PBXNativeTarget "labanime2" */ = {
			isa = XCConfigurationList;
			buildConfigurations = (
				FD5AC1C41AC54B6C00158911 /* Debug */,
				FD5AC1C51AC54B6C00158911 /* Release */,
			);
			defaultConfigurationIsVisible = 0;
		};
		FD5AC1C61AC54B6C00158911 /* Build configuration list for PBXNativeTarget "labanime2Tests" */ = {
			isa = XCConfigurationList;
			buildConfigurations = (
				FD5AC1C71AC54B6C00158911 /* Debug */,
				FD5AC1C81AC54B6C00158911 /* Release */,
			);
			defaultConfigurationIsVisible = 0;
		};
/* End XCConfigurationList section */

/* Begin XCVersionGroup section */
		FD5AC1A81AC54B6C00158911 /* labanime2.xcdatamodeld */ = {
			isa = XCVersionGroup;
			children = (
				FD5AC1A91AC54B6C00158911 /* labanime2.xcdatamodel */,
			);
			currentVersion = FD5AC1A91AC54B6C00158911 /* labanime2.xcdatamodel */;
			path = labanime2.xcdatamodeld;
			sourceTree = "<group>";
			versionGroupType = wrapper.xcdatamodel;
		};
/* End XCVersionGroup section */
	};
	rootObject = FD5AC1991AC54B6C00158911 /* Project object */;
}
